// !$*UTF8*$!
{
	archiveVersion = 1;
	classes = {
	};
	objectVersion = 77;
	objects = {

/* Begin PBXBuildFile section */
		752330772D197AE80090997E /* AppDelegate.swift in Sources */ = {isa = PBXBuildFile; fileRef = 752330702D197AE80090997E /* AppDelegate.swift */; };
		752330782D197AE80090997E /* SceneDelegate.swift in Sources */ = {isa = PBXBuildFile; fileRef = 752330752D197AE80090997E /* SceneDelegate.swift */; };
		752330792D197AE80090997E /* Assets.xcassets in Resources */ = {isa = PBXBuildFile; fileRef = 752330712D197AE80090997E /* Assets.xcassets */; };
		7523307B2D197AE80090997E /* LaunchScreen.storyboard in Resources */ = {isa = PBXBuildFile; fileRef = 752330742D197AE80090997E /* LaunchScreen.storyboard */; };
		752330C62D197B210090997E /* UICollectionView.swift in Sources */ = {isa = PBXBuildFile; fileRef = 752330AC2D197B210090997E /* UICollectionView.swift */; };
		752330C72D197B210090997E /* AssetsImage.swift in Sources */ = {isa = PBXBuildFile; fileRef = 7523308A2D197B210090997E /* AssetsImage.swift */; };
		752330C82D197B210090997E /* String.swift in Sources */ = {isa = PBXBuildFile; fileRef = 752330B32D197B210090997E /* String.swift */; };
		752330C92D197B210090997E /* HTTPRequestMethods.swift in Sources */ = {isa = PBXBuildFile; fileRef = 752330822D197B210090997E /* HTTPRequestMethods.swift */; };
		752330CA2D197B210090997E /* UIView.swift in Sources */ = {isa = PBXBuildFile; fileRef = 752330B62D197B210090997E /* UIView.swift */; };
		752330CB2D197B210090997E /* UITableView.swift in Sources */ = {isa = PBXBuildFile; fileRef = 752330AD2D197B210090997E /* UITableView.swift */; };
		752330CC2D197B210090997E /* Cosmos.swift in Sources */ = {isa = PBXBuildFile; fileRef = 7523309B2D197B210090997E /* Cosmos.swift */; };
		752330CD2D197B210090997E /* UIApplication.swift in Sources */ = {isa = PBXBuildFile; fileRef = 752330A52D197B210090997E /* UIApplication.swift */; };
		752330CE2D197B210090997E /* Coordinator.swift in Sources */ = {isa = PBXBuildFile; fileRef = 7523308F2D197B210090997E /* Coordinator.swift */; };
		752330CF2D197B210090997E /* UILabel.swift in Sources */ = {isa = PBXBuildFile; fileRef = 752330A72D197B210090997E /* UILabel.swift */; };
		752330D02D197B210090997E /* CustomSpinnerView.swift in Sources */ = {isa = PBXBuildFile; fileRef = 7523309F2D197B210090997E /* CustomSpinnerView.swift */; };
		752330D12D197B210090997E /* UIWindow.swift in Sources */ = {isa = PBXBuildFile; fileRef = 752330BD2D197B210090997E /* UIWindow.swift */; };
		752330D22D197B210090997E /* TextFieldViewController.swift in Sources */ = {isa = PBXBuildFile; fileRef = 752330982D197B210090997E /* TextFieldViewController.swift */; };
		752330D32D197B210090997E /* UITextField.swift in Sources */ = {isa = PBXBuildFile; fileRef = 752330A22D197B210090997E /* UITextField.swift */; };
		752330D42D197B210090997E /* CustomDecoder.swift in Sources */ = {isa = PBXBuildFile; fileRef = 7523309C2D197B210090997E /* CustomDecoder.swift */; };
		752330D52D197B210090997E /* URLComponents.swift in Sources */ = {isa = PBXBuildFile; fileRef = 752330B12D197B210090997E /* URLComponents.swift */; };
		752330D62D197B210090997E /* HighlightButton.swift in Sources */ = {isa = PBXBuildFile; fileRef = 752330962D197B210090997E /* HighlightButton.swift */; };
		752330D72D197B210090997E /* CustomView.swift in Sources */ = {isa = PBXBuildFile; fileRef = 7523309E2D197B210090997E /* CustomView.swift */; };
		752330D82D197B210090997E /* GradientView.swift in Sources */ = {isa = PBXBuildFile; fileRef = 752330972D197B210090997E /* GradientView.swift */; };
		752330D92D197B210090997E /* AlertViewTexts.swift in Sources */ = {isa = PBXBuildFile; fileRef = 752330802D197B210090997E /* AlertViewTexts.swift */; };
		752330DA2D197B210090997E /* MainConstants.swift in Sources */ = {isa = PBXBuildFile; fileRef = 752330832D197B210090997E /* MainConstants.swift */; };
		752330DB2D197B210090997E /* ReusableView.swift in Sources */ = {isa = PBXBuildFile; fileRef = 7523309D2D197B210090997E /* ReusableView.swift */; };
		752330DC2D197B210090997E /* UIViewController.swift in Sources */ = {isa = PBXBuildFile; fileRef = 752330A32D197B210090997E /* UIViewController.swift */; };
		752330DD2D197B210090997E /* PaddingLabel.swift in Sources */ = {isa = PBXBuildFile; fileRef = 752330A02D197B210090997E /* PaddingLabel.swift */; };
		752330DE2D197B210090997E /* Parametrs.swift in Sources */ = {isa = PBXBuildFile; fileRef = 752330862D197B210090997E /* Parametrs.swift */; };
		752330DF2D197B210090997E /* UIColor.swift in Sources */ = {isa = PBXBuildFile; fileRef = 752330B22D197B210090997E /* UIColor.swift */; };
		752330E02D197B210090997E /* Bundle.swift in Sources */ = {isa = PBXBuildFile; fileRef = 752330B02D197B210090997E /* Bundle.swift */; };
		752330E12D197B210090997E /* PushNotification.swift in Sources */ = {isa = PBXBuildFile; fileRef = 752330842D197B210090997E /* PushNotification.swift */; };
		752330E22D197B210090997E /* UINavigationBar.swift in Sources */ = {isa = PBXBuildFile; fileRef = 752330A42D197B210090997E /* UINavigationBar.swift */; };
		752330E32D197B210090997E /* UIButton.swift in Sources */ = {isa = PBXBuildFile; fileRef = 752330AB2D197B210090997E /* UIButton.swift */; };
		752330E42D197B210090997E /* UINavigationController.swift in Sources */ = {isa = PBXBuildFile; fileRef = 752330AA2D197B210090997E /* UINavigationController.swift */; };
		752330E52D197B210090997E /* SKStoreReviewController.swift in Sources */ = {isa = PBXBuildFile; fileRef = 752330A92D197B210090997E /* SKStoreReviewController.swift */; };
		752330E62D197B210090997E /* Headers.swift in Sources */ = {isa = PBXBuildFile; fileRef = 752330852D197B210090997E /* Headers.swift */; };
		752330E72D197B210090997E /* UIBarButtonItem.swift in Sources */ = {isa = PBXBuildFile; fileRef = 752330A62D197B210090997E /* UIBarButtonItem.swift */; };
		752330E82D197B210090997E /* NotificationCenter.swift in Sources */ = {isa = PBXBuildFile; fileRef = 752330BC2D197B210090997E /* NotificationCenter.swift */; };
		752330E92D197B210090997E /* UIImage.swift in Sources */ = {isa = PBXBuildFile; fileRef = 752330B52D197B210090997E /* UIImage.swift */; };
		752330EA2D197B210090997E /* DateFormatter.swift in Sources */ = {isa = PBXBuildFile; fileRef = 752330B82D197B210090997E /* DateFormatter.swift */; };
		752330EB2D197B210090997E /* Bool.swift in Sources */ = {isa = PBXBuildFile; fileRef = 752330B92D197B210090997E /* Bool.swift */; };
		752330EC2D197B210090997E /* AssetsColor.swift in Sources */ = {isa = PBXBuildFile; fileRef = 7523308B2D197B210090997E /* AssetsColor.swift */; };
		752330ED2D197B210090997E /* Symbols.swift in Sources */ = {isa = PBXBuildFile; fileRef = 7523308C2D197B210090997E /* Symbols.swift */; };
		752330EE2D197B210090997E /* AlertViewController.swift in Sources */ = {isa = PBXBuildFile; fileRef = 752330922D197B210090997E /* AlertViewController.swift */; };
		752330EF2D197B210090997E /* ResponseErrors.swift in Sources */ = {isa = PBXBuildFile; fileRef = 752330812D197B210090997E /* ResponseErrors.swift */; };
		752330F02D197B210090997E /* MainView.swift in Sources */ = {isa = PBXBuildFile; fileRef = 752330C42D197B210090997E /* MainView.swift */; };
		752330F12D197B210090997E /* EndPoints.swift in Sources */ = {isa = PBXBuildFile; fileRef = 752330872D197B210090997E /* EndPoints.swift */; };
		752330F22D197B210090997E /* ViewModelProtocol.swift in Sources */ = {isa = PBXBuildFile; fileRef = 752330912D197B210090997E /* ViewModelProtocol.swift */; };
		752330F32D197B210090997E /* JSONDownloader.swift in Sources */ = {isa = PBXBuildFile; fileRef = 7523307C2D197B210090997E /* JSONDownloader.swift */; };
		752330F42D197B210090997E /* LocalizationManager.swift in Sources */ = {isa = PBXBuildFile; fileRef = 7523308E2D197B210090997E /* LocalizationManager.swift */; };
		752330F52D197B210090997E /* AppUtility.swift in Sources */ = {isa = PBXBuildFile; fileRef = 752330A82D197B210090997E /* AppUtility.swift */; };
		752330F62D197B210090997E /* CustomTextField.swift in Sources */ = {isa = PBXBuildFile; fileRef = 752330992D197B210090997E /* CustomTextField.swift */; };
		752330F72D197B210090997E /* KAPinField.swift in Sources */ = {isa = PBXBuildFile; fileRef = 752330942D197B210090997E /* KAPinField.swift */; };
		752330F82D197B210090997E /* BaseView.swift in Sources */ = {isa = PBXBuildFile; fileRef = 752330AE2D197B210090997E /* BaseView.swift */; };
		752330F92D197B210090997E /* ViewSpecificController.swift in Sources */ = {isa = PBXBuildFile; fileRef = 752330902D197B210090997E /* ViewSpecificController.swift */; };
		752330FA2D197B210090997E /* UIShowHideTextField.swift in Sources */ = {isa = PBXBuildFile; fileRef = 7523309A2D197B210090997E /* UIShowHideTextField.swift */; };
		752330FB2D197B210090997E /* Array.swift in Sources */ = {isa = PBXBuildFile; fileRef = 752330BA2D197B210090997E /* Array.swift */; };
		752330FC2D197B210090997E /* UserDefaults.swift in Sources */ = {isa = PBXBuildFile; fileRef = 752330AF2D197B210090997E /* UserDefaults.swift */; };
		752330FD2D197B210090997E /* MainViewController.swift in Sources */ = {isa = PBXBuildFile; fileRef = 752330C22D197B210090997E /* MainViewController.swift */; };
		752330FE2D197B210090997E /* CustomCollectionViewCell.swift in Sources */ = {isa = PBXBuildFile; fileRef = 752330952D197B210090997E /* CustomCollectionViewCell.swift */; };
		752330FF2D197B210090997E /* Local.swift in Sources */ = {isa = PBXBuildFile; fileRef = 752330892D197B210090997E /* Local.swift */; };
		752331002D197B210090997E /* JSONData.swift in Sources */ = {isa = PBXBuildFile; fileRef = 7523307D2D197B210090997E /* JSONData.swift */; };
		752331012D197B210090997E /* Double.swift in Sources */ = {isa = PBXBuildFile; fileRef = 752330BB2D197B210090997E /* Double.swift */; };
		752331022D197B210090997E /* Formatter.swift in Sources */ = {isa = PBXBuildFile; fileRef = 752330B42D197B210090997E /* Formatter.swift */; };
		752331032D197B210090997E /* UIImageView.swift in Sources */ = {isa = PBXBuildFile; fileRef = 752330B72D197B210090997E /* UIImageView.swift */; };
		752331042D197B210090997E /* MainView.xib in Resources */ = {isa = PBXBuildFile; fileRef = 752330C32D197B210090997E /* MainView.xib */; };
		752331312D19834B0090997E /* TabBarController.swift in Sources */ = {isa = PBXBuildFile; fileRef = 752331302D19834B0090997E /* TabBarController.swift */; };
		752331332D198B930090997E /* MainCoordinator.swift in Sources */ = {isa = PBXBuildFile; fileRef = 752331322D198B930090997E /* MainCoordinator.swift */; };
		752331352D198B9E0090997E /* QRCoordinator.swift in Sources */ = {isa = PBXBuildFile; fileRef = 752331342D198B9E0090997E /* QRCoordinator.swift */; };
		752331372D198BA80090997E /* ProfileCoordinator.swift in Sources */ = {isa = PBXBuildFile; fileRef = 752331362D198BA80090997E /* ProfileCoordinator.swift */; };
		752331442D1991020090997E /* ColorKit in Frameworks */ = {isa = PBXBuildFile; productRef = 752331432D1991020090997E /* ColorKit */; };
		752331472D1991140090997E /* DeviceKit in Frameworks */ = {isa = PBXBuildFile; productRef = 752331462D1991140090997E /* DeviceKit */; };
		7523314A2D19912B0090997E /* GhostTypewriter in Frameworks */ = {isa = PBXBuildFile; productRef = 752331492D19912B0090997E /* GhostTypewriter */; };
		7523314D2D1991690090997E /* Haptica in Frameworks */ = {isa = PBXBuildFile; productRef = 7523314C2D1991690090997E /* Haptica */; };
		752331502D1991810090997E /* ImageViewer_swift in Frameworks */ = {isa = PBXBuildFile; productRef = 7523314F2D1991810090997E /* ImageViewer_swift */; };
		752331532D19918F0090997E /* Hero in Frameworks */ = {isa = PBXBuildFile; productRef = 752331522D19918F0090997E /* Hero */; };
		752331562D1991AB0090997E /* IQKeyboardManagerSwift in Frameworks */ = {isa = PBXBuildFile; productRef = 752331552D1991AB0090997E /* IQKeyboardManagerSwift */; };
		752331592D1991BE0090997E /* Lottie in Frameworks */ = {isa = PBXBuildFile; productRef = 752331582D1991BE0090997E /* Lottie */; };
		7523315C2D1991EC0090997E /* SDWebImage in Frameworks */ = {isa = PBXBuildFile; productRef = 7523315B2D1991EC0090997E /* SDWebImage */; };
		7523315E2D1991EC0090997E /* SDWebImageMapKit in Frameworks */ = {isa = PBXBuildFile; productRef = 7523315D2D1991EC0090997E /* SDWebImageMapKit */; };
		752331612D1991FE0090997E /* SkeletonView in Frameworks */ = {isa = PBXBuildFile; productRef = 752331602D1991FE0090997E /* SkeletonView */; };
		752331762D19935D0090997E /* SnapKit in Frameworks */ = {isa = PBXBuildFile; productRef = 752331752D19935D0090997E /* SnapKit */; };
		752331832D1994F40090997E /* Alamofire in Frameworks */ = {isa = PBXBuildFile; productRef = 752331822D1994F40090997E /* Alamofire */; };
		752331862D19950F0090997E /* SwiftMessages in Frameworks */ = {isa = PBXBuildFile; productRef = 752331852D19950F0090997E /* SwiftMessages */; };
		7523318C2D1A8D340090997E /* FullOnboardingView.swift in Sources */ = {isa = PBXBuildFile; fileRef = 7523318B2D1A8D340090997E /* FullOnboardingView.swift */; };
		7523318E2D1A8D3D0090997E /* FullOnboardingView.xib in Resources */ = {isa = PBXBuildFile; fileRef = 7523318D2D1A8D3D0090997E /* FullOnboardingView.xib */; };
		752331902D1A8D440090997E /* FullOnboardingViewController.swift in Sources */ = {isa = PBXBuildFile; fileRef = 7523318F2D1A8D440090997E /* FullOnboardingViewController.swift */; };
		752331922D1A8E800090997E /* CircularProgressBar.swift in Sources */ = {isa = PBXBuildFile; fileRef = 752331912D1A8E800090997E /* CircularProgressBar.swift */; };
		752331942D1A8EDC0090997E /* OnboardingCoordinator.swift in Sources */ = {isa = PBXBuildFile; fileRef = 752331932D1A8EDC0090997E /* OnboardingCoordinator.swift */; };
		752331992D1A90AD0090997E /* LaunchScreenView.swift in Sources */ = {isa = PBXBuildFile; fileRef = 752331982D1A90AD0090997E /* LaunchScreenView.swift */; };
		7523319B2D1A90B30090997E /* LaunchScreenView.xib in Resources */ = {isa = PBXBuildFile; fileRef = 7523319A2D1A90B30090997E /* LaunchScreenView.xib */; };
		7523319D2D1A90B90090997E /* LaunchScreenViewController.swift in Sources */ = {isa = PBXBuildFile; fileRef = 7523319C2D1A90B90090997E /* LaunchScreenViewController.swift */; };
		7552C2F62D1D837F00F2DF78 /* ShopsListView.swift in Sources */ = {isa = PBXBuildFile; fileRef = 7552C2F52D1D837F00F2DF78 /* ShopsListView.swift */; };
		7552C2F82D1D838500F2DF78 /* ShopsListView.xib in Resources */ = {isa = PBXBuildFile; fileRef = 7552C2F72D1D838500F2DF78 /* ShopsListView.xib */; };
		7552C2FA2D1D838F00F2DF78 /* ShopsListViewController.swift in Sources */ = {isa = PBXBuildFile; fileRef = 7552C2F92D1D838F00F2DF78 /* ShopsListViewController.swift */; };
		7552C2FC2D1D83D700F2DF78 /* ShopsListViewModel.swift in Sources */ = {isa = PBXBuildFile; fileRef = 7552C2FB2D1D83D700F2DF78 /* ShopsListViewModel.swift */; };
		7552C2FF2D1D843800F2DF78 /* ShopsListDataProvider.swift in Sources */ = {isa = PBXBuildFile; fileRef = 7552C2FE2D1D843800F2DF78 /* ShopsListDataProvider.swift */; };
		757F36262D1E746500EFA728 /* ShopDetailViewModel.swift in Sources */ = {isa = PBXBuildFile; fileRef = 757F36252D1E746500EFA728 /* ShopDetailViewModel.swift */; };
		757F36282D1E746C00EFA728 /* ShopDetailView.swift in Sources */ = {isa = PBXBuildFile; fileRef = 757F36272D1E746C00EFA728 /* ShopDetailView.swift */; };
		757F362A2D1E747200EFA728 /* ShopDetailView.xib in Resources */ = {isa = PBXBuildFile; fileRef = 757F36292D1E747200EFA728 /* ShopDetailView.xib */; };
		757F362C2D1E747900EFA728 /* ShopDetailViewController.swift in Sources */ = {isa = PBXBuildFile; fileRef = 757F362B2D1E747900EFA728 /* ShopDetailViewController.swift */; };
		75955BCF2D1D6D9600F4DD80 /* CompanyCollectionViewCell.swift in Sources */ = {isa = PBXBuildFile; fileRef = 75955BCD2D1D6D9600F4DD80 /* CompanyCollectionViewCell.swift */; };
		75955BD02D1D6D9600F4DD80 /* CompanyCollectionViewCell.xib in Resources */ = {isa = PBXBuildFile; fileRef = 75955BCE2D1D6D9600F4DD80 /* CompanyCollectionViewCell.xib */; };
		7596B51B2D1D697D0070A5BB /* MainViewModel.swift in Sources */ = {isa = PBXBuildFile; fileRef = 7596B51A2D1D697D0070A5BB /* MainViewModel.swift */; };
		7596B5202D1D6A180070A5BB /* Company.swift in Sources */ = {isa = PBXBuildFile; fileRef = 7596B51F2D1D6A180070A5BB /* Company.swift */; };
		7596B5222D1D6B310070A5BB /* MainDataProvider.swift in Sources */ = {isa = PBXBuildFile; fileRef = 7596B5212D1D6B310070A5BB /* MainDataProvider.swift */; };
		75DCE3552D1A9B26003A59CD /* Localizable.strings in Resources */ = {isa = PBXBuildFile; fileRef = 75DCE3532D1A9B26003A59CD /* Localizable.strings */; };
		75DCE35F2D1ABB2B003A59CD /* LanguageView.swift in Sources */ = {isa = PBXBuildFile; fileRef = 75DCE35E2D1ABB2B003A59CD /* LanguageView.swift */; };
		75DCE3612D1ABB33003A59CD /* LanguageView.xib in Resources */ = {isa = PBXBuildFile; fileRef = 75DCE3602D1ABB33003A59CD /* LanguageView.xib */; };
		75DCE3632D1ABB3E003A59CD /* LanguageViewController.swift in Sources */ = {isa = PBXBuildFile; fileRef = 75DCE3622D1ABB3E003A59CD /* LanguageViewController.swift */; };
		75DCE3692D1ABBA3003A59CD /* LanguageCollectionViewCell.swift in Sources */ = {isa = PBXBuildFile; fileRef = 75DCE3672D1ABBA3003A59CD /* LanguageCollectionViewCell.swift */; };
		75DCE36A2D1ABBA3003A59CD /* LanguageCollectionViewCell.xib in Resources */ = {isa = PBXBuildFile; fileRef = 75DCE3682D1ABBA3003A59CD /* LanguageCollectionViewCell.xib */; };
		75DCE36C2D1ABBED003A59CD /* Language.swift in Sources */ = {isa = PBXBuildFile; fileRef = 75DCE36B2D1ABBED003A59CD /* Language.swift */; };
		75DCE36F2D1ABC1D003A59CD /* LanguageDataProvider.swift in Sources */ = {isa = PBXBuildFile; fileRef = 75DCE36E2D1ABC1D003A59CD /* LanguageDataProvider.swift */; };
		75DCE3752D1AD6CB003A59CD /* Magnetic in Frameworks */ = {isa = PBXBuildFile; productRef = 75DCE3742D1AD6CB003A59CD /* Magnetic */; };
		75DCE3772D1AD6E2003A59CD /* InterestViewController.swift in Sources */ = {isa = PBXBuildFile; fileRef = 75DCE3762D1AD6E2003A59CD /* InterestViewController.swift */; };
		75DCE37A2D1AD6EE003A59CD /* InterestView.swift in Sources */ = {isa = PBXBuildFile; fileRef = 75DCE3792D1AD6EE003A59CD /* InterestView.swift */; };
		75DCE37B2D1AD6EE003A59CD /* InterestView.xib in Resources */ = {isa = PBXBuildFile; fileRef = 75DCE3782D1AD6EE003A59CD /* InterestView.xib */; };
		75DCE3822D1C10B9003A59CD /* ProfileView.swift in Sources */ = {isa = PBXBuildFile; fileRef = 75DCE3812D1C10B9003A59CD /* ProfileView.swift */; };
		75DCE3842D1C10BE003A59CD /* ProfileView.xib in Resources */ = {isa = PBXBuildFile; fileRef = 75DCE3832D1C10BE003A59CD /* ProfileView.xib */; };
		75DCE3862D1C10C6003A59CD /* ProfileViewController.swift in Sources */ = {isa = PBXBuildFile; fileRef = 75DCE3852D1C10C6003A59CD /* ProfileViewController.swift */; };
		75DCE3892D1C28BF003A59CD /* ProfileViewModel.swift in Sources */ = {isa = PBXBuildFile; fileRef = 75DCE3882D1C28BF003A59CD /* ProfileViewModel.swift */; };
		75DCE38C2D1C2A97003A59CD /* SignIn.swift in Sources */ = {isa = PBXBuildFile; fileRef = 75DCE38B2D1C2A97003A59CD /* SignIn.swift */; };
		75DCE3932D1C3175003A59CD /* CodeConfirmViewModel.swift in Sources */ = {isa = PBXBuildFile; fileRef = 75DCE3922D1C3175003A59CD /* CodeConfirmViewModel.swift */; };
		75DCE3952D1C3186003A59CD /* CodeConfirmView.swift in Sources */ = {isa = PBXBuildFile; fileRef = 75DCE3942D1C3186003A59CD /* CodeConfirmView.swift */; };
		75DCE3992D1C3195003A59CD /* CodeConfirmViewController.swift in Sources */ = {isa = PBXBuildFile; fileRef = 75DCE3982D1C3195003A59CD /* CodeConfirmViewController.swift */; };
		75DCE39B2D1C337D003A59CD /* CodeConfirmView.xib in Resources */ = {isa = PBXBuildFile; fileRef = 75DCE39A2D1C337D003A59CD /* CodeConfirmView.xib */; };
/* End PBXBuildFile section */

/* Begin PBXFileReference section */
		752330582D19789C0090997E /* qahvazor-client.app */ = {isa = PBXFileReference; explicitFileType = wrapper.application; includeInIndex = 0; path = "qahvazor-client.app"; sourceTree = BUILT_PRODUCTS_DIR; };
		752330702D197AE80090997E /* AppDelegate.swift */ = {isa = PBXFileReference; lastKnownFileType = sourcecode.swift; path = AppDelegate.swift; sourceTree = "<group>"; };
		752330712D197AE80090997E /* Assets.xcassets */ = {isa = PBXFileReference; lastKnownFileType = folder.assetcatalog; path = Assets.xcassets; sourceTree = "<group>"; };
		752330722D197AE80090997E /* Info.plist */ = {isa = PBXFileReference; lastKnownFileType = text.plist.xml; path = Info.plist; sourceTree = "<group>"; };
		752330732D197AE80090997E /* Base */ = {isa = PBXFileReference; lastKnownFileType = file.storyboard; name = Base; path = Base.lproj/LaunchScreen.storyboard; sourceTree = "<group>"; };
		752330752D197AE80090997E /* SceneDelegate.swift */ = {isa = PBXFileReference; lastKnownFileType = sourcecode.swift; path = SceneDelegate.swift; sourceTree = "<group>"; };
		7523307C2D197B210090997E /* JSONDownloader.swift */ = {isa = PBXFileReference; lastKnownFileType = sourcecode.swift; path = JSONDownloader.swift; sourceTree = "<group>"; };
		7523307D2D197B210090997E /* JSONData.swift */ = {isa = PBXFileReference; lastKnownFileType = sourcecode.swift; path = JSONData.swift; sourceTree = "<group>"; };
		752330802D197B210090997E /* AlertViewTexts.swift */ = {isa = PBXFileReference; lastKnownFileType = sourcecode.swift; path = AlertViewTexts.swift; sourceTree = "<group>"; };
		752330812D197B210090997E /* ResponseErrors.swift */ = {isa = PBXFileReference; lastKnownFileType = sourcecode.swift; path = ResponseErrors.swift; sourceTree = "<group>"; };
		752330822D197B210090997E /* HTTPRequestMethods.swift */ = {isa = PBXFileReference; lastKnownFileType = sourcecode.swift; path = HTTPRequestMethods.swift; sourceTree = "<group>"; };
		752330832D197B210090997E /* MainConstants.swift */ = {isa = PBXFileReference; lastKnownFileType = sourcecode.swift; path = MainConstants.swift; sourceTree = "<group>"; };
		752330842D197B210090997E /* PushNotification.swift */ = {isa = PBXFileReference; lastKnownFileType = sourcecode.swift; path = PushNotification.swift; sourceTree = "<group>"; };
		752330852D197B210090997E /* Headers.swift */ = {isa = PBXFileReference; lastKnownFileType = sourcecode.swift; path = Headers.swift; sourceTree = "<group>"; };
		752330862D197B210090997E /* Parametrs.swift */ = {isa = PBXFileReference; lastKnownFileType = sourcecode.swift; path = Parametrs.swift; sourceTree = "<group>"; };
		752330872D197B210090997E /* EndPoints.swift */ = {isa = PBXFileReference; lastKnownFileType = sourcecode.swift; path = EndPoints.swift; sourceTree = "<group>"; };
		752330892D197B210090997E /* Local.swift */ = {isa = PBXFileReference; lastKnownFileType = sourcecode.swift; path = Local.swift; sourceTree = "<group>"; };
		7523308A2D197B210090997E /* AssetsImage.swift */ = {isa = PBXFileReference; lastKnownFileType = sourcecode.swift; path = AssetsImage.swift; sourceTree = "<group>"; };
		7523308B2D197B210090997E /* AssetsColor.swift */ = {isa = PBXFileReference; lastKnownFileType = sourcecode.swift; path = AssetsColor.swift; sourceTree = "<group>"; };
		7523308C2D197B210090997E /* Symbols.swift */ = {isa = PBXFileReference; lastKnownFileType = sourcecode.swift; path = Symbols.swift; sourceTree = "<group>"; };
		7523308E2D197B210090997E /* LocalizationManager.swift */ = {isa = PBXFileReference; lastKnownFileType = sourcecode.swift; path = LocalizationManager.swift; sourceTree = "<group>"; };
		7523308F2D197B210090997E /* Coordinator.swift */ = {isa = PBXFileReference; lastKnownFileType = sourcecode.swift; path = Coordinator.swift; sourceTree = "<group>"; };
		752330902D197B210090997E /* ViewSpecificController.swift */ = {isa = PBXFileReference; lastKnownFileType = sourcecode.swift; path = ViewSpecificController.swift; sourceTree = "<group>"; };
		752330912D197B210090997E /* ViewModelProtocol.swift */ = {isa = PBXFileReference; lastKnownFileType = sourcecode.swift; path = ViewModelProtocol.swift; sourceTree = "<group>"; };
		752330922D197B210090997E /* AlertViewController.swift */ = {isa = PBXFileReference; lastKnownFileType = sourcecode.swift; path = AlertViewController.swift; sourceTree = "<group>"; };
		752330942D197B210090997E /* KAPinField.swift */ = {isa = PBXFileReference; lastKnownFileType = sourcecode.swift; path = KAPinField.swift; sourceTree = "<group>"; };
		752330952D197B210090997E /* CustomCollectionViewCell.swift */ = {isa = PBXFileReference; lastKnownFileType = sourcecode.swift; path = CustomCollectionViewCell.swift; sourceTree = "<group>"; };
		752330962D197B210090997E /* HighlightButton.swift */ = {isa = PBXFileReference; lastKnownFileType = sourcecode.swift; path = HighlightButton.swift; sourceTree = "<group>"; };
		752330972D197B210090997E /* GradientView.swift */ = {isa = PBXFileReference; lastKnownFileType = sourcecode.swift; path = GradientView.swift; sourceTree = "<group>"; };
		752330982D197B210090997E /* TextFieldViewController.swift */ = {isa = PBXFileReference; lastKnownFileType = sourcecode.swift; path = TextFieldViewController.swift; sourceTree = "<group>"; };
		752330992D197B210090997E /* CustomTextField.swift */ = {isa = PBXFileReference; lastKnownFileType = sourcecode.swift; path = CustomTextField.swift; sourceTree = "<group>"; };
		7523309A2D197B210090997E /* UIShowHideTextField.swift */ = {isa = PBXFileReference; lastKnownFileType = sourcecode.swift; path = UIShowHideTextField.swift; sourceTree = "<group>"; };
		7523309B2D197B210090997E /* Cosmos.swift */ = {isa = PBXFileReference; lastKnownFileType = sourcecode.swift; path = Cosmos.swift; sourceTree = "<group>"; };
		7523309C2D197B210090997E /* CustomDecoder.swift */ = {isa = PBXFileReference; lastKnownFileType = sourcecode.swift; path = CustomDecoder.swift; sourceTree = "<group>"; };
		7523309D2D197B210090997E /* ReusableView.swift */ = {isa = PBXFileReference; lastKnownFileType = sourcecode.swift; path = ReusableView.swift; sourceTree = "<group>"; };
		7523309E2D197B210090997E /* CustomView.swift */ = {isa = PBXFileReference; lastKnownFileType = sourcecode.swift; path = CustomView.swift; sourceTree = "<group>"; };
		7523309F2D197B210090997E /* CustomSpinnerView.swift */ = {isa = PBXFileReference; lastKnownFileType = sourcecode.swift; path = CustomSpinnerView.swift; sourceTree = "<group>"; };
		752330A02D197B210090997E /* PaddingLabel.swift */ = {isa = PBXFileReference; lastKnownFileType = sourcecode.swift; path = PaddingLabel.swift; sourceTree = "<group>"; };
		752330A22D197B210090997E /* UITextField.swift */ = {isa = PBXFileReference; lastKnownFileType = sourcecode.swift; path = UITextField.swift; sourceTree = "<group>"; };
		752330A32D197B210090997E /* UIViewController.swift */ = {isa = PBXFileReference; lastKnownFileType = sourcecode.swift; path = UIViewController.swift; sourceTree = "<group>"; };
		752330A42D197B210090997E /* UINavigationBar.swift */ = {isa = PBXFileReference; lastKnownFileType = sourcecode.swift; path = UINavigationBar.swift; sourceTree = "<group>"; };
		752330A52D197B210090997E /* UIApplication.swift */ = {isa = PBXFileReference; lastKnownFileType = sourcecode.swift; path = UIApplication.swift; sourceTree = "<group>"; };
		752330A62D197B210090997E /* UIBarButtonItem.swift */ = {isa = PBXFileReference; lastKnownFileType = sourcecode.swift; path = UIBarButtonItem.swift; sourceTree = "<group>"; };
		752330A72D197B210090997E /* UILabel.swift */ = {isa = PBXFileReference; lastKnownFileType = sourcecode.swift; path = UILabel.swift; sourceTree = "<group>"; };
		752330A82D197B210090997E /* AppUtility.swift */ = {isa = PBXFileReference; lastKnownFileType = sourcecode.swift; path = AppUtility.swift; sourceTree = "<group>"; };
		752330A92D197B210090997E /* SKStoreReviewController.swift */ = {isa = PBXFileReference; lastKnownFileType = sourcecode.swift; path = SKStoreReviewController.swift; sourceTree = "<group>"; };
		752330AA2D197B210090997E /* UINavigationController.swift */ = {isa = PBXFileReference; lastKnownFileType = sourcecode.swift; path = UINavigationController.swift; sourceTree = "<group>"; };
		752330AB2D197B210090997E /* UIButton.swift */ = {isa = PBXFileReference; lastKnownFileType = sourcecode.swift; path = UIButton.swift; sourceTree = "<group>"; };
		752330AC2D197B210090997E /* UICollectionView.swift */ = {isa = PBXFileReference; lastKnownFileType = sourcecode.swift; path = UICollectionView.swift; sourceTree = "<group>"; };
		752330AD2D197B210090997E /* UITableView.swift */ = {isa = PBXFileReference; lastKnownFileType = sourcecode.swift; path = UITableView.swift; sourceTree = "<group>"; };
		752330AE2D197B210090997E /* BaseView.swift */ = {isa = PBXFileReference; lastKnownFileType = sourcecode.swift; path = BaseView.swift; sourceTree = "<group>"; };
		752330AF2D197B210090997E /* UserDefaults.swift */ = {isa = PBXFileReference; lastKnownFileType = sourcecode.swift; path = UserDefaults.swift; sourceTree = "<group>"; };
		752330B02D197B210090997E /* Bundle.swift */ = {isa = PBXFileReference; lastKnownFileType = sourcecode.swift; path = Bundle.swift; sourceTree = "<group>"; };
		752330B12D197B210090997E /* URLComponents.swift */ = {isa = PBXFileReference; lastKnownFileType = sourcecode.swift; path = URLComponents.swift; sourceTree = "<group>"; };
		752330B22D197B210090997E /* UIColor.swift */ = {isa = PBXFileReference; lastKnownFileType = sourcecode.swift; path = UIColor.swift; sourceTree = "<group>"; };
		752330B32D197B210090997E /* String.swift */ = {isa = PBXFileReference; lastKnownFileType = sourcecode.swift; path = String.swift; sourceTree = "<group>"; };
		752330B42D197B210090997E /* Formatter.swift */ = {isa = PBXFileReference; lastKnownFileType = sourcecode.swift; path = Formatter.swift; sourceTree = "<group>"; };
		752330B52D197B210090997E /* UIImage.swift */ = {isa = PBXFileReference; lastKnownFileType = sourcecode.swift; path = UIImage.swift; sourceTree = "<group>"; };
		752330B62D197B210090997E /* UIView.swift */ = {isa = PBXFileReference; lastKnownFileType = sourcecode.swift; path = UIView.swift; sourceTree = "<group>"; };
		752330B72D197B210090997E /* UIImageView.swift */ = {isa = PBXFileReference; lastKnownFileType = sourcecode.swift; path = UIImageView.swift; sourceTree = "<group>"; };
		752330B82D197B210090997E /* DateFormatter.swift */ = {isa = PBXFileReference; lastKnownFileType = sourcecode.swift; path = DateFormatter.swift; sourceTree = "<group>"; };
		752330B92D197B210090997E /* Bool.swift */ = {isa = PBXFileReference; lastKnownFileType = sourcecode.swift; path = Bool.swift; sourceTree = "<group>"; };
		752330BA2D197B210090997E /* Array.swift */ = {isa = PBXFileReference; lastKnownFileType = sourcecode.swift; path = Array.swift; sourceTree = "<group>"; };
		752330BB2D197B210090997E /* Double.swift */ = {isa = PBXFileReference; lastKnownFileType = sourcecode.swift; path = Double.swift; sourceTree = "<group>"; };
		752330BC2D197B210090997E /* NotificationCenter.swift */ = {isa = PBXFileReference; lastKnownFileType = sourcecode.swift; path = NotificationCenter.swift; sourceTree = "<group>"; };
		752330BD2D197B210090997E /* UIWindow.swift */ = {isa = PBXFileReference; lastKnownFileType = sourcecode.swift; path = UIWindow.swift; sourceTree = "<group>"; };
		752330C22D197B210090997E /* MainViewController.swift */ = {isa = PBXFileReference; lastKnownFileType = sourcecode.swift; path = MainViewController.swift; sourceTree = "<group>"; };
		752330C32D197B210090997E /* MainView.xib */ = {isa = PBXFileReference; lastKnownFileType = file.xib; path = MainView.xib; sourceTree = "<group>"; };
		752330C42D197B210090997E /* MainView.swift */ = {isa = PBXFileReference; lastKnownFileType = sourcecode.swift; path = MainView.swift; sourceTree = "<group>"; };
		752331302D19834B0090997E /* TabBarController.swift */ = {isa = PBXFileReference; lastKnownFileType = sourcecode.swift; path = TabBarController.swift; sourceTree = "<group>"; };
		752331322D198B930090997E /* MainCoordinator.swift */ = {isa = PBXFileReference; lastKnownFileType = sourcecode.swift; path = MainCoordinator.swift; sourceTree = "<group>"; };
		752331342D198B9E0090997E /* QRCoordinator.swift */ = {isa = PBXFileReference; lastKnownFileType = sourcecode.swift; path = QRCoordinator.swift; sourceTree = "<group>"; };
		752331362D198BA80090997E /* ProfileCoordinator.swift */ = {isa = PBXFileReference; lastKnownFileType = sourcecode.swift; path = ProfileCoordinator.swift; sourceTree = "<group>"; };
		7523318B2D1A8D340090997E /* FullOnboardingView.swift */ = {isa = PBXFileReference; lastKnownFileType = sourcecode.swift; path = FullOnboardingView.swift; sourceTree = "<group>"; };
		7523318D2D1A8D3D0090997E /* FullOnboardingView.xib */ = {isa = PBXFileReference; lastKnownFileType = file.xib; path = FullOnboardingView.xib; sourceTree = "<group>"; };
		7523318F2D1A8D440090997E /* FullOnboardingViewController.swift */ = {isa = PBXFileReference; lastKnownFileType = sourcecode.swift; path = FullOnboardingViewController.swift; sourceTree = "<group>"; };
		752331912D1A8E800090997E /* CircularProgressBar.swift */ = {isa = PBXFileReference; lastKnownFileType = sourcecode.swift; path = CircularProgressBar.swift; sourceTree = "<group>"; };
		752331932D1A8EDC0090997E /* OnboardingCoordinator.swift */ = {isa = PBXFileReference; lastKnownFileType = sourcecode.swift; path = OnboardingCoordinator.swift; sourceTree = "<group>"; };
		752331982D1A90AD0090997E /* LaunchScreenView.swift */ = {isa = PBXFileReference; lastKnownFileType = sourcecode.swift; path = LaunchScreenView.swift; sourceTree = "<group>"; };
		7523319A2D1A90B30090997E /* LaunchScreenView.xib */ = {isa = PBXFileReference; lastKnownFileType = file.xib; path = LaunchScreenView.xib; sourceTree = "<group>"; };
		7523319C2D1A90B90090997E /* LaunchScreenViewController.swift */ = {isa = PBXFileReference; lastKnownFileType = sourcecode.swift; path = LaunchScreenViewController.swift; sourceTree = "<group>"; };
		7552C2F52D1D837F00F2DF78 /* ShopsListView.swift */ = {isa = PBXFileReference; lastKnownFileType = sourcecode.swift; path = ShopsListView.swift; sourceTree = "<group>"; };
		7552C2F72D1D838500F2DF78 /* ShopsListView.xib */ = {isa = PBXFileReference; lastKnownFileType = file.xib; path = ShopsListView.xib; sourceTree = "<group>"; };
		7552C2F92D1D838F00F2DF78 /* ShopsListViewController.swift */ = {isa = PBXFileReference; lastKnownFileType = sourcecode.swift; path = ShopsListViewController.swift; sourceTree = "<group>"; };
		7552C2FB2D1D83D700F2DF78 /* ShopsListViewModel.swift */ = {isa = PBXFileReference; lastKnownFileType = sourcecode.swift; path = ShopsListViewModel.swift; sourceTree = "<group>"; };
		7552C2FE2D1D843800F2DF78 /* ShopsListDataProvider.swift */ = {isa = PBXFileReference; lastKnownFileType = sourcecode.swift; path = ShopsListDataProvider.swift; sourceTree = "<group>"; };
		757F36252D1E746500EFA728 /* ShopDetailViewModel.swift */ = {isa = PBXFileReference; lastKnownFileType = sourcecode.swift; path = ShopDetailViewModel.swift; sourceTree = "<group>"; };
		757F36272D1E746C00EFA728 /* ShopDetailView.swift */ = {isa = PBXFileReference; lastKnownFileType = sourcecode.swift; path = ShopDetailView.swift; sourceTree = "<group>"; };
		757F36292D1E747200EFA728 /* ShopDetailView.xib */ = {isa = PBXFileReference; lastKnownFileType = file.xib; path = ShopDetailView.xib; sourceTree = "<group>"; };
		757F362B2D1E747900EFA728 /* ShopDetailViewController.swift */ = {isa = PBXFileReference; lastKnownFileType = sourcecode.swift; path = ShopDetailViewController.swift; sourceTree = "<group>"; };
		75955BCD2D1D6D9600F4DD80 /* CompanyCollectionViewCell.swift */ = {isa = PBXFileReference; lastKnownFileType = sourcecode.swift; path = CompanyCollectionViewCell.swift; sourceTree = "<group>"; };
		75955BCE2D1D6D9600F4DD80 /* CompanyCollectionViewCell.xib */ = {isa = PBXFileReference; lastKnownFileType = file.xib; path = CompanyCollectionViewCell.xib; sourceTree = "<group>"; };
		7596B51A2D1D697D0070A5BB /* MainViewModel.swift */ = {isa = PBXFileReference; lastKnownFileType = sourcecode.swift; path = MainViewModel.swift; sourceTree = "<group>"; };
		7596B51F2D1D6A180070A5BB /* Company.swift */ = {isa = PBXFileReference; lastKnownFileType = sourcecode.swift; path = Company.swift; sourceTree = "<group>"; };
		7596B5212D1D6B310070A5BB /* MainDataProvider.swift */ = {isa = PBXFileReference; lastKnownFileType = sourcecode.swift; path = MainDataProvider.swift; sourceTree = "<group>"; };
		75DCE3542D1A9B26003A59CD /* en */ = {isa = PBXFileReference; lastKnownFileType = text.plist.strings; name = en; path = en.lproj/Localizable.strings; sourceTree = "<group>"; };
		75DCE3562D1A9B34003A59CD /* ru */ = {isa = PBXFileReference; lastKnownFileType = text.plist.strings; name = ru; path = ru.lproj/LaunchScreen.strings; sourceTree = "<group>"; };
		75DCE3572D1A9B34003A59CD /* ru */ = {isa = PBXFileReference; lastKnownFileType = text.plist.strings; name = ru; path = ru.lproj/Localizable.strings; sourceTree = "<group>"; };
		75DCE3582D1A9B43003A59CD /* uz */ = {isa = PBXFileReference; lastKnownFileType = text.plist.strings; name = uz; path = uz.lproj/LaunchScreen.strings; sourceTree = "<group>"; };
		75DCE3592D1A9B43003A59CD /* uz */ = {isa = PBXFileReference; lastKnownFileType = text.plist.strings; name = uz; path = uz.lproj/Localizable.strings; sourceTree = "<group>"; };
		75DCE35E2D1ABB2B003A59CD /* LanguageView.swift */ = {isa = PBXFileReference; lastKnownFileType = sourcecode.swift; path = LanguageView.swift; sourceTree = "<group>"; };
		75DCE3602D1ABB33003A59CD /* LanguageView.xib */ = {isa = PBXFileReference; lastKnownFileType = file.xib; path = LanguageView.xib; sourceTree = "<group>"; };
		75DCE3622D1ABB3E003A59CD /* LanguageViewController.swift */ = {isa = PBXFileReference; lastKnownFileType = sourcecode.swift; path = LanguageViewController.swift; sourceTree = "<group>"; };
		75DCE3672D1ABBA3003A59CD /* LanguageCollectionViewCell.swift */ = {isa = PBXFileReference; lastKnownFileType = sourcecode.swift; path = LanguageCollectionViewCell.swift; sourceTree = "<group>"; };
		75DCE3682D1ABBA3003A59CD /* LanguageCollectionViewCell.xib */ = {isa = PBXFileReference; lastKnownFileType = file.xib; path = LanguageCollectionViewCell.xib; sourceTree = "<group>"; };
		75DCE36B2D1ABBED003A59CD /* Language.swift */ = {isa = PBXFileReference; lastKnownFileType = sourcecode.swift; path = Language.swift; sourceTree = "<group>"; };
		75DCE36E2D1ABC1D003A59CD /* LanguageDataProvider.swift */ = {isa = PBXFileReference; lastKnownFileType = sourcecode.swift; path = LanguageDataProvider.swift; sourceTree = "<group>"; };
		75DCE3762D1AD6E2003A59CD /* InterestViewController.swift */ = {isa = PBXFileReference; lastKnownFileType = sourcecode.swift; path = InterestViewController.swift; sourceTree = "<group>"; };
		75DCE3782D1AD6EE003A59CD /* InterestView.xib */ = {isa = PBXFileReference; lastKnownFileType = file.xib; path = InterestView.xib; sourceTree = "<group>"; };
		75DCE3792D1AD6EE003A59CD /* InterestView.swift */ = {isa = PBXFileReference; lastKnownFileType = sourcecode.swift; path = InterestView.swift; sourceTree = "<group>"; };
		75DCE3812D1C10B9003A59CD /* ProfileView.swift */ = {isa = PBXFileReference; lastKnownFileType = sourcecode.swift; path = ProfileView.swift; sourceTree = "<group>"; };
		75DCE3832D1C10BE003A59CD /* ProfileView.xib */ = {isa = PBXFileReference; lastKnownFileType = file.xib; path = ProfileView.xib; sourceTree = "<group>"; };
		75DCE3852D1C10C6003A59CD /* ProfileViewController.swift */ = {isa = PBXFileReference; lastKnownFileType = sourcecode.swift; path = ProfileViewController.swift; sourceTree = "<group>"; };
		75DCE3882D1C28BF003A59CD /* ProfileViewModel.swift */ = {isa = PBXFileReference; lastKnownFileType = sourcecode.swift; path = ProfileViewModel.swift; sourceTree = "<group>"; };
		75DCE38B2D1C2A97003A59CD /* SignIn.swift */ = {isa = PBXFileReference; lastKnownFileType = sourcecode.swift; path = SignIn.swift; sourceTree = "<group>"; };
		75DCE3922D1C3175003A59CD /* CodeConfirmViewModel.swift */ = {isa = PBXFileReference; lastKnownFileType = sourcecode.swift; path = CodeConfirmViewModel.swift; sourceTree = "<group>"; };
		75DCE3942D1C3186003A59CD /* CodeConfirmView.swift */ = {isa = PBXFileReference; lastKnownFileType = sourcecode.swift; path = CodeConfirmView.swift; sourceTree = "<group>"; };
		75DCE3982D1C3195003A59CD /* CodeConfirmViewController.swift */ = {isa = PBXFileReference; lastKnownFileType = sourcecode.swift; path = CodeConfirmViewController.swift; sourceTree = "<group>"; };
		75DCE39A2D1C337D003A59CD /* CodeConfirmView.xib */ = {isa = PBXFileReference; lastKnownFileType = file.xib; path = CodeConfirmView.xib; sourceTree = "<group>"; };
/* End PBXFileReference section */

/* Begin PBXFrameworksBuildPhase section */
		752330552D19789C0090997E /* Frameworks */ = {
			isa = PBXFrameworksBuildPhase;
			buildActionMask = 2147483647;
			files = (
				752331442D1991020090997E /* ColorKit in Frameworks */,
				752331472D1991140090997E /* DeviceKit in Frameworks */,
				752331762D19935D0090997E /* SnapKit in Frameworks */,
				752331532D19918F0090997E /* Hero in Frameworks */,
				7523314D2D1991690090997E /* Haptica in Frameworks */,
				752331592D1991BE0090997E /* Lottie in Frameworks */,
				752331562D1991AB0090997E /* IQKeyboardManagerSwift in Frameworks */,
				752331612D1991FE0090997E /* SkeletonView in Frameworks */,
				752331862D19950F0090997E /* SwiftMessages in Frameworks */,
				752331502D1991810090997E /* ImageViewer_swift in Frameworks */,
				7523315C2D1991EC0090997E /* SDWebImage in Frameworks */,
				75DCE3752D1AD6CB003A59CD /* Magnetic in Frameworks */,
				7523314A2D19912B0090997E /* GhostTypewriter in Frameworks */,
				7523315E2D1991EC0090997E /* SDWebImageMapKit in Frameworks */,
				752331832D1994F40090997E /* Alamofire in Frameworks */,
			);
			runOnlyForDeploymentPostprocessing = 0;
		};
/* End PBXFrameworksBuildPhase section */

/* Begin PBXGroup section */
		7523304F2D19789C0090997E = {
			isa = PBXGroup;
			children = (
				752330762D197AE80090997E /* qahvazor-client */,
				752330592D19789C0090997E /* Products */,
			);
			sourceTree = "<group>";
		};
		752330592D19789C0090997E /* Products */ = {
			isa = PBXGroup;
			children = (
				752330582D19789C0090997E /* qahvazor-client.app */,
			);
			name = Products;
			sourceTree = "<group>";
		};
		752330762D197AE80090997E /* qahvazor-client */ = {
			isa = PBXGroup;
			children = (
				752330C02D197B210090997E /* Additional Materials */,
				752331952D1A90900090997E /* Launch Screen */,
				752331872D1A8CD50090997E /* Onboarding */,
				752330C12D197B210090997E /* TabBarController */,
				752330C52D197B210090997E /* Main */,
				7523312E2D1983050090997E /* QR */,
				7523312F2D1983190090997E /* Profile */,
				7523313B2D198D940090997E /* Resources */,
				752330722D197AE80090997E /* Info.plist */,
			);
			path = "qahvazor-client";
			sourceTree = "<group>";
		};
		7523307E2D197B210090997E /* Response */ = {
			isa = PBXGroup;
			children = (
				7523307C2D197B210090997E /* JSONDownloader.swift */,
				7523307D2D197B210090997E /* JSONData.swift */,
			);
			path = Response;
			sourceTree = "<group>";
		};
		7523307F2D197B210090997E /* Models */ = {
			isa = PBXGroup;
			children = (
				7596B51C2D1D6A040070A5BB /* Main */,
				75DCE38A2D1C2A8B003A59CD /* Profile */,
				75DCE36B2D1ABBED003A59CD /* Language.swift */,
			);
			path = Models;
			sourceTree = "<group>";
		};
		752330882D197B210090997E /* API */ = {
			isa = PBXGroup;
			children = (
				752330802D197B210090997E /* AlertViewTexts.swift */,
				752330812D197B210090997E /* ResponseErrors.swift */,
				752330822D197B210090997E /* HTTPRequestMethods.swift */,
				752330832D197B210090997E /* MainConstants.swift */,
				752330842D197B210090997E /* PushNotification.swift */,
				752330852D197B210090997E /* Headers.swift */,
				752330862D197B210090997E /* Parametrs.swift */,
				752330872D197B210090997E /* EndPoints.swift */,
			);
			path = API;
			sourceTree = "<group>";
		};
		7523308D2D197B210090997E /* Constants */ = {
			isa = PBXGroup;
			children = (
				752330882D197B210090997E /* API */,
				752330892D197B210090997E /* Local.swift */,
				7523308A2D197B210090997E /* AssetsImage.swift */,
				7523308B2D197B210090997E /* AssetsColor.swift */,
				7523308C2D197B210090997E /* Symbols.swift */,
			);
			path = Constants;
			sourceTree = "<group>";
		};
		752330932D197B210090997E /* Protocols */ = {
			isa = PBXGroup;
			children = (
				7523308E2D197B210090997E /* LocalizationManager.swift */,
				7523308F2D197B210090997E /* Coordinator.swift */,
				752330902D197B210090997E /* ViewSpecificController.swift */,
				752330912D197B210090997E /* ViewModelProtocol.swift */,
				752330922D197B210090997E /* AlertViewController.swift */,
			);
			path = Protocols;
			sourceTree = "<group>";
		};
		752330A12D197B210090997E /* Classes */ = {
			isa = PBXGroup;
			children = (
				752330942D197B210090997E /* KAPinField.swift */,
				752330952D197B210090997E /* CustomCollectionViewCell.swift */,
				752330962D197B210090997E /* HighlightButton.swift */,
				752330972D197B210090997E /* GradientView.swift */,
				752330982D197B210090997E /* TextFieldViewController.swift */,
				752330992D197B210090997E /* CustomTextField.swift */,
				7523309A2D197B210090997E /* UIShowHideTextField.swift */,
				7523309B2D197B210090997E /* Cosmos.swift */,
				7523309C2D197B210090997E /* CustomDecoder.swift */,
				7523309D2D197B210090997E /* ReusableView.swift */,
				7523309E2D197B210090997E /* CustomView.swift */,
				7523309F2D197B210090997E /* CustomSpinnerView.swift */,
				752331912D1A8E800090997E /* CircularProgressBar.swift */,
				752330A02D197B210090997E /* PaddingLabel.swift */,
			);
			path = Classes;
			sourceTree = "<group>";
		};
		752330BE2D197B210090997E /* Extensions */ = {
			isa = PBXGroup;
			children = (
				752330A22D197B210090997E /* UITextField.swift */,
				752330A32D197B210090997E /* UIViewController.swift */,
				752330A42D197B210090997E /* UINavigationBar.swift */,
				752330A52D197B210090997E /* UIApplication.swift */,
				752330A62D197B210090997E /* UIBarButtonItem.swift */,
				752330A72D197B210090997E /* UILabel.swift */,
				752330A82D197B210090997E /* AppUtility.swift */,
				752330A92D197B210090997E /* SKStoreReviewController.swift */,
				752330AA2D197B210090997E /* UINavigationController.swift */,
				752330AB2D197B210090997E /* UIButton.swift */,
				752330AC2D197B210090997E /* UICollectionView.swift */,
				752330AD2D197B210090997E /* UITableView.swift */,
				752330AE2D197B210090997E /* BaseView.swift */,
				752330AF2D197B210090997E /* UserDefaults.swift */,
				752330B02D197B210090997E /* Bundle.swift */,
				752330B12D197B210090997E /* URLComponents.swift */,
				752330B22D197B210090997E /* UIColor.swift */,
				752330B32D197B210090997E /* String.swift */,
				752330B42D197B210090997E /* Formatter.swift */,
				752330B52D197B210090997E /* UIImage.swift */,
				752330B62D197B210090997E /* UIView.swift */,
				752330B72D197B210090997E /* UIImageView.swift */,
				752330B82D197B210090997E /* DateFormatter.swift */,
				752330B92D197B210090997E /* Bool.swift */,
				752330BA2D197B210090997E /* Array.swift */,
				752330BB2D197B210090997E /* Double.swift */,
				752330BC2D197B210090997E /* NotificationCenter.swift */,
				752330BD2D197B210090997E /* UIWindow.swift */,
			);
			path = Extensions;
			sourceTree = "<group>";
		};
		752330BF2D197B210090997E /* Localization */ = {
			isa = PBXGroup;
			children = (
				75DCE3532D1A9B26003A59CD /* Localizable.strings */,
			);
			path = Localization;
			sourceTree = "<group>";
		};
		752330C02D197B210090997E /* Additional Materials */ = {
			isa = PBXGroup;
			children = (
				7523307E2D197B210090997E /* Response */,
				7523307F2D197B210090997E /* Models */,
				7523308D2D197B210090997E /* Constants */,
				752330932D197B210090997E /* Protocols */,
				752330A12D197B210090997E /* Classes */,
				752330BE2D197B210090997E /* Extensions */,
				752330BF2D197B210090997E /* Localization */,
			);
			path = "Additional Materials";
			sourceTree = "<group>";
		};
		752330C12D197B210090997E /* TabBarController */ = {
			isa = PBXGroup;
			children = (
				752331302D19834B0090997E /* TabBarController.swift */,
			);
			path = TabBarController;
			sourceTree = "<group>";
		};
		752330C52D197B210090997E /* Main */ = {
			isa = PBXGroup;
			children = (
				752331322D198B930090997E /* MainCoordinator.swift */,
				752331382D198C930090997E /* Main */,
				7552C2F12D1D833000F2DF78 /* Shops List */,
				757F36212D1E742900EFA728 /* Shop Detail */,
			);
			path = Main;
			sourceTree = "<group>";
		};
		7523312E2D1983050090997E /* QR */ = {
			isa = PBXGroup;
			children = (
				752331342D198B9E0090997E /* QRCoordinator.swift */,
			);
			path = QR;
			sourceTree = "<group>";
		};
		7523312F2D1983190090997E /* Profile */ = {
			isa = PBXGroup;
			children = (
				752331362D198BA80090997E /* ProfileCoordinator.swift */,
				75DCE37E2D1C109E003A59CD /* Profile */,
			);
			path = Profile;
			sourceTree = "<group>";
		};
		752331382D198C930090997E /* Main */ = {
			isa = PBXGroup;
			children = (
				7523313C2D1990530090997E /* DataProvider */,
				7523313A2D198C9B0090997E /* View Controller */,
				752331392D198C970090997E /* View */,
				7596B5192D1D68770070A5BB /* View Model */,
			);
			path = Main;
			sourceTree = "<group>";
		};
		752331392D198C970090997E /* View */ = {
			isa = PBXGroup;
			children = (
				75955BCC2D1D6D7F00F4DD80 /* Root View */,
				75955BCB2D1D6D7300F4DD80 /* Cell */,
			);
			path = View;
			sourceTree = "<group>";
		};
		7523313A2D198C9B0090997E /* View Controller */ = {
			isa = PBXGroup;
			children = (
				752330C22D197B210090997E /* MainViewController.swift */,
			);
			path = "View Controller";
			sourceTree = "<group>";
		};
		7523313B2D198D940090997E /* Resources */ = {
			isa = PBXGroup;
			children = (
				752330712D197AE80090997E /* Assets.xcassets */,
				752330742D197AE80090997E /* LaunchScreen.storyboard */,
				752330702D197AE80090997E /* AppDelegate.swift */,
				752330752D197AE80090997E /* SceneDelegate.swift */,
			);
			path = Resources;
			sourceTree = "<group>";
		};
		7523313C2D1990530090997E /* DataProvider */ = {
			isa = PBXGroup;
			children = (
				7596B5212D1D6B310070A5BB /* MainDataProvider.swift */,
			);
			path = DataProvider;
			sourceTree = "<group>";
		};
		752331872D1A8CD50090997E /* Onboarding */ = {
			isa = PBXGroup;
			children = (
				752331932D1A8EDC0090997E /* OnboardingCoordinator.swift */,
				75DCE35A2D1ABB05003A59CD /* Language */,
				752331882D1A8D130090997E /* Full Onboarding */,
				75DCE3702D1AD691003A59CD /* Interest */,
			);
			path = Onboarding;
			sourceTree = "<group>";
		};
		752331882D1A8D130090997E /* Full Onboarding */ = {
			isa = PBXGroup;
			children = (
				7523318A2D1A8D290090997E /* View Controller */,
				752331892D1A8D260090997E /* View */,
			);
			path = "Full Onboarding";
			sourceTree = "<group>";
		};
		752331892D1A8D260090997E /* View */ = {
			isa = PBXGroup;
			children = (
				7523318B2D1A8D340090997E /* FullOnboardingView.swift */,
				7523318D2D1A8D3D0090997E /* FullOnboardingView.xib */,
			);
			path = View;
			sourceTree = "<group>";
		};
		7523318A2D1A8D290090997E /* View Controller */ = {
			isa = PBXGroup;
			children = (
				7523318F2D1A8D440090997E /* FullOnboardingViewController.swift */,
			);
			path = "View Controller";
			sourceTree = "<group>";
		};
		752331952D1A90900090997E /* Launch Screen */ = {
			isa = PBXGroup;
			children = (
				752331972D1A909D0090997E /* View Controller */,
				752331962D1A90990090997E /* View */,
			);
			path = "Launch Screen";
			sourceTree = "<group>";
		};
		752331962D1A90990090997E /* View */ = {
			isa = PBXGroup;
			children = (
				752331982D1A90AD0090997E /* LaunchScreenView.swift */,
				7523319A2D1A90B30090997E /* LaunchScreenView.xib */,
			);
			path = View;
			sourceTree = "<group>";
		};
		752331972D1A909D0090997E /* View Controller */ = {
			isa = PBXGroup;
			children = (
				7523319C2D1A90B90090997E /* LaunchScreenViewController.swift */,
			);
			path = "View Controller";
			sourceTree = "<group>";
		};
		7552C2F12D1D833000F2DF78 /* Shops List */ = {
			isa = PBXGroup;
			children = (
				7552C2FD2D1D842300F2DF78 /* DataProvider */,
				7552C2F42D1D836800F2DF78 /* ViewController */,
				7552C2F32D1D836500F2DF78 /* View */,
				7552C2F22D1D836000F2DF78 /* View Model */,
			);
			path = "Shops List";
			sourceTree = "<group>";
		};
		7552C2F22D1D836000F2DF78 /* View Model */ = {
			isa = PBXGroup;
			children = (
				7552C2FB2D1D83D700F2DF78 /* ShopsListViewModel.swift */,
			);
			path = "View Model";
			sourceTree = "<group>";
		};
		7552C2F32D1D836500F2DF78 /* View */ = {
			isa = PBXGroup;
			children = (
				7552C2F52D1D837F00F2DF78 /* ShopsListView.swift */,
				7552C2F72D1D838500F2DF78 /* ShopsListView.xib */,
			);
			path = View;
			sourceTree = "<group>";
		};
		7552C2F42D1D836800F2DF78 /* ViewController */ = {
			isa = PBXGroup;
			children = (
				7552C2F92D1D838F00F2DF78 /* ShopsListViewController.swift */,
			);
			path = ViewController;
			sourceTree = "<group>";
		};
		7552C2FD2D1D842300F2DF78 /* DataProvider */ = {
			isa = PBXGroup;
			children = (
				7552C2FE2D1D843800F2DF78 /* ShopsListDataProvider.swift */,
			);
			path = DataProvider;
			sourceTree = "<group>";
		};
		757F36212D1E742900EFA728 /* Shop Detail */ = {
			isa = PBXGroup;
			children = (
				757F36242D1E744400EFA728 /* View Controller */,
				757F36232D1E744000EFA728 /* View */,
				757F36222D1E743B00EFA728 /* View Model */,
			);
			path = "Shop Detail";
			sourceTree = "<group>";
		};
		757F36222D1E743B00EFA728 /* View Model */ = {
			isa = PBXGroup;
			children = (
				757F36252D1E746500EFA728 /* ShopDetailViewModel.swift */,
			);
			path = "View Model";
			sourceTree = "<group>";
		};
		757F36232D1E744000EFA728 /* View */ = {
			isa = PBXGroup;
			children = (
				757F36272D1E746C00EFA728 /* ShopDetailView.swift */,
				757F36292D1E747200EFA728 /* ShopDetailView.xib */,
			);
			path = View;
			sourceTree = "<group>";
		};
		757F36242D1E744400EFA728 /* View Controller */ = {
			isa = PBXGroup;
			children = (
				757F362B2D1E747900EFA728 /* ShopDetailViewController.swift */,
			);
			path = "View Controller";
			sourceTree = "<group>";
		};
		75955BCB2D1D6D7300F4DD80 /* Cell */ = {
			isa = PBXGroup;
			children = (
				75955BCD2D1D6D9600F4DD80 /* CompanyCollectionViewCell.swift */,
				75955BCE2D1D6D9600F4DD80 /* CompanyCollectionViewCell.xib */,
			);
			path = Cell;
			sourceTree = "<group>";
		};
		75955BCC2D1D6D7F00F4DD80 /* Root View */ = {
			isa = PBXGroup;
			children = (
				752330C42D197B210090997E /* MainView.swift */,
				752330C32D197B210090997E /* MainView.xib */,
			);
			path = "Root View";
			sourceTree = "<group>";
		};
		7596B5192D1D68770070A5BB /* View Model */ = {
			isa = PBXGroup;
			children = (
				7596B51A2D1D697D0070A5BB /* MainViewModel.swift */,
			);
			path = "View Model";
			sourceTree = "<group>";
		};
		7596B51C2D1D6A040070A5BB /* Main */ = {
			isa = PBXGroup;
			children = (
				7596B51F2D1D6A180070A5BB /* Company.swift */,
			);
			path = Main;
			sourceTree = "<group>";
		};
		75DCE35A2D1ABB05003A59CD /* Language */ = {
			isa = PBXGroup;
			children = (
				75DCE36D2D1ABBF7003A59CD /* Data Provider */,
				75DCE35C2D1ABB13003A59CD /* View Controller */,
				75DCE35B2D1ABB0F003A59CD /* View */,
			);
			path = Language;
			sourceTree = "<group>";
		};
		75DCE35B2D1ABB0F003A59CD /* View */ = {
			isa = PBXGroup;
			children = (
				75DCE3642D1ABB7F003A59CD /* Root View */,
				75DCE3652D1ABB85003A59CD /* Cell */,
			);
			path = View;
			sourceTree = "<group>";
		};
		75DCE35C2D1ABB13003A59CD /* View Controller */ = {
			isa = PBXGroup;
			children = (
				75DCE3622D1ABB3E003A59CD /* LanguageViewController.swift */,
			);
			path = "View Controller";
			sourceTree = "<group>";
		};
		75DCE3642D1ABB7F003A59CD /* Root View */ = {
			isa = PBXGroup;
			children = (
				75DCE35E2D1ABB2B003A59CD /* LanguageView.swift */,
				75DCE3602D1ABB33003A59CD /* LanguageView.xib */,
			);
			path = "Root View";
			sourceTree = "<group>";
		};
		75DCE3652D1ABB85003A59CD /* Cell */ = {
			isa = PBXGroup;
			children = (
				75DCE3672D1ABBA3003A59CD /* LanguageCollectionViewCell.swift */,
				75DCE3682D1ABBA3003A59CD /* LanguageCollectionViewCell.xib */,
			);
			path = Cell;
			sourceTree = "<group>";
		};
		75DCE36D2D1ABBF7003A59CD /* Data Provider */ = {
			isa = PBXGroup;
			children = (
				75DCE36E2D1ABC1D003A59CD /* LanguageDataProvider.swift */,
			);
			path = "Data Provider";
			sourceTree = "<group>";
		};
		75DCE3702D1AD691003A59CD /* Interest */ = {
			isa = PBXGroup;
			children = (
				75DCE3722D1AD69D003A59CD /* ViewController */,
				75DCE3712D1AD699003A59CD /* View */,
			);
			path = Interest;
			sourceTree = "<group>";
		};
		75DCE3712D1AD699003A59CD /* View */ = {
			isa = PBXGroup;
			children = (
				75DCE3792D1AD6EE003A59CD /* InterestView.swift */,
				75DCE3782D1AD6EE003A59CD /* InterestView.xib */,
			);
			path = View;
			sourceTree = "<group>";
		};
		75DCE3722D1AD69D003A59CD /* ViewController */ = {
			isa = PBXGroup;
			children = (
				75DCE3762D1AD6E2003A59CD /* InterestViewController.swift */,
			);
			path = ViewController;
			sourceTree = "<group>";
		};
		75DCE37E2D1C109E003A59CD /* Profile */ = {
			isa = PBXGroup;
			children = (
				75DCE38D2D1C3105003A59CD /* Profile */,
				75DCE38E2D1C3118003A59CD /* CodeConfirm */,
			);
			path = Profile;
			sourceTree = "<group>";
		};
		75DCE37F2D1C10A6003A59CD /* View */ = {
			isa = PBXGroup;
			children = (
				75DCE3812D1C10B9003A59CD /* ProfileView.swift */,
				75DCE3832D1C10BE003A59CD /* ProfileView.xib */,
			);
			path = View;
			sourceTree = "<group>";
		};
		75DCE3802D1C10AA003A59CD /* View Controller */ = {
			isa = PBXGroup;
			children = (
				75DCE3852D1C10C6003A59CD /* ProfileViewController.swift */,
			);
			path = "View Controller";
			sourceTree = "<group>";
		};
		75DCE3872D1C28AF003A59CD /* View Model */ = {
			isa = PBXGroup;
			children = (
				75DCE3882D1C28BF003A59CD /* ProfileViewModel.swift */,
			);
			path = "View Model";
			sourceTree = "<group>";
		};
		75DCE38A2D1C2A8B003A59CD /* Profile */ = {
			isa = PBXGroup;
			children = (
				75DCE38B2D1C2A97003A59CD /* SignIn.swift */,
			);
			path = Profile;
			sourceTree = "<group>";
		};
		75DCE38D2D1C3105003A59CD /* Profile */ = {
			isa = PBXGroup;
			children = (
				75DCE3802D1C10AA003A59CD /* View Controller */,
				75DCE37F2D1C10A6003A59CD /* View */,
				75DCE3872D1C28AF003A59CD /* View Model */,
			);
			path = Profile;
			sourceTree = "<group>";
		};
		75DCE38E2D1C3118003A59CD /* CodeConfirm */ = {
			isa = PBXGroup;
			children = (
				75DCE3912D1C315C003A59CD /* View Controller */,
				75DCE3902D1C3155003A59CD /* View */,
				75DCE38F2D1C314A003A59CD /* View Model */,
			);
			path = CodeConfirm;
			sourceTree = "<group>";
		};
		75DCE38F2D1C314A003A59CD /* View Model */ = {
			isa = PBXGroup;
			children = (
				75DCE3922D1C3175003A59CD /* CodeConfirmViewModel.swift */,
			);
			path = "View Model";
			sourceTree = "<group>";
		};
		75DCE3902D1C3155003A59CD /* View */ = {
			isa = PBXGroup;
			children = (
				75DCE3942D1C3186003A59CD /* CodeConfirmView.swift */,
				75DCE39A2D1C337D003A59CD /* CodeConfirmView.xib */,
			);
			path = View;
			sourceTree = "<group>";
		};
		75DCE3912D1C315C003A59CD /* View Controller */ = {
			isa = PBXGroup;
			children = (
				75DCE3982D1C3195003A59CD /* CodeConfirmViewController.swift */,
			);
			path = "View Controller";
			sourceTree = "<group>";
		};
/* End PBXGroup section */

/* Begin PBXNativeTarget section */
		752330572D19789C0090997E /* qahvazor-client */ = {
			isa = PBXNativeTarget;
			buildConfigurationList = 7523306B2D19789D0090997E /* Build configuration list for PBXNativeTarget "qahvazor-client" */;
			buildPhases = (
				752330542D19789C0090997E /* Sources */,
				752330552D19789C0090997E /* Frameworks */,
				752330562D19789C0090997E /* Resources */,
			);
			buildRules = (
			);
			dependencies = (
			);
			name = "qahvazor-client";
			packageProductDependencies = (
				752331432D1991020090997E /* ColorKit */,
				752331462D1991140090997E /* DeviceKit */,
				752331492D19912B0090997E /* GhostTypewriter */,
				7523314C2D1991690090997E /* Haptica */,
				7523314F2D1991810090997E /* ImageViewer_swift */,
				752331522D19918F0090997E /* Hero */,
				752331552D1991AB0090997E /* IQKeyboardManagerSwift */,
				752331582D1991BE0090997E /* Lottie */,
				7523315B2D1991EC0090997E /* SDWebImage */,
				7523315D2D1991EC0090997E /* SDWebImageMapKit */,
				752331602D1991FE0090997E /* SkeletonView */,
				752331752D19935D0090997E /* SnapKit */,
				752331822D1994F40090997E /* Alamofire */,
				752331852D19950F0090997E /* SwiftMessages */,
				75DCE3742D1AD6CB003A59CD /* Magnetic */,
			);
			productName = "qahvazor-client";
			productReference = 752330582D19789C0090997E /* qahvazor-client.app */;
			productType = "com.apple.product-type.application";
		};
/* End PBXNativeTarget section */

/* Begin PBXProject section */
		752330502D19789C0090997E /* Project object */ = {
			isa = PBXProject;
			attributes = {
				BuildIndependentTargetsInParallel = 1;
				LastSwiftUpdateCheck = 1610;
				LastUpgradeCheck = 1610;
				TargetAttributes = {
					752330572D19789C0090997E = {
						CreatedOnToolsVersion = 16.1;
					};
				};
			};
			buildConfigurationList = 752330532D19789C0090997E /* Build configuration list for PBXProject "qahvazor-client" */;
			developmentRegion = en;
			hasScannedForEncodings = 0;
			knownRegions = (
				en,
				Base,
				ru,
				uz,
			);
			mainGroup = 7523304F2D19789C0090997E;
			minimizedProjectReferenceProxies = 1;
			packageReferences = (
				752331422D1991020090997E /* XCRemoteSwiftPackageReference "ColorKit" */,
				752331452D1991140090997E /* XCRemoteSwiftPackageReference "DeviceKit" */,
				752331482D19912B0090997E /* XCRemoteSwiftPackageReference "GhostTypewriter" */,
				7523314B2D1991690090997E /* XCRemoteSwiftPackageReference "Haptica" */,
				7523314E2D1991810090997E /* XCRemoteSwiftPackageReference "ImageViewer" */,
				752331512D19918F0090997E /* XCRemoteSwiftPackageReference "Hero" */,
				752331542D1991AB0090997E /* XCRemoteSwiftPackageReference "IQKeyboardManager" */,
				752331572D1991BE0090997E /* XCRemoteSwiftPackageReference "lottie-ios" */,
				7523315A2D1991EC0090997E /* XCRemoteSwiftPackageReference "SDWebImage" */,
				7523315F2D1991FE0090997E /* XCRemoteSwiftPackageReference "SkeletonView" */,
				752331742D19935D0090997E /* XCRemoteSwiftPackageReference "SnapKit" */,
				752331812D1994F40090997E /* XCRemoteSwiftPackageReference "Alamofire" */,
				752331842D19950F0090997E /* XCRemoteSwiftPackageReference "SwiftMessages" */,
				75DCE3732D1AD6CB003A59CD /* XCRemoteSwiftPackageReference "Magnetic" */,
			);
			preferredProjectObjectVersion = 77;
			productRefGroup = 752330592D19789C0090997E /* Products */;
			projectDirPath = "";
			projectRoot = "";
			targets = (
				752330572D19789C0090997E /* qahvazor-client */,
			);
		};
/* End PBXProject section */

/* Begin PBXResourcesBuildPhase section */
		752330562D19789C0090997E /* Resources */ = {
			isa = PBXResourcesBuildPhase;
			buildActionMask = 2147483647;
			files = (
				75955BD02D1D6D9600F4DD80 /* CompanyCollectionViewCell.xib in Resources */,
				7523318E2D1A8D3D0090997E /* FullOnboardingView.xib in Resources */,
				75DCE3552D1A9B26003A59CD /* Localizable.strings in Resources */,
				757F362A2D1E747200EFA728 /* ShopDetailView.xib in Resources */,
				7552C2F82D1D838500F2DF78 /* ShopsListView.xib in Resources */,
				75DCE36A2D1ABBA3003A59CD /* LanguageCollectionViewCell.xib in Resources */,
				75DCE3612D1ABB33003A59CD /* LanguageView.xib in Resources */,
				7523319B2D1A90B30090997E /* LaunchScreenView.xib in Resources */,
				752331042D197B210090997E /* MainView.xib in Resources */,
				75DCE3842D1C10BE003A59CD /* ProfileView.xib in Resources */,
				75DCE39B2D1C337D003A59CD /* CodeConfirmView.xib in Resources */,
				75DCE37B2D1AD6EE003A59CD /* InterestView.xib in Resources */,
				752330792D197AE80090997E /* Assets.xcassets in Resources */,
				7523307B2D197AE80090997E /* LaunchScreen.storyboard in Resources */,
			);
			runOnlyForDeploymentPostprocessing = 0;
		};
/* End PBXResourcesBuildPhase section */

/* Begin PBXSourcesBuildPhase section */
		752330542D19789C0090997E /* Sources */ = {
			isa = PBXSourcesBuildPhase;
			buildActionMask = 2147483647;
			files = (
				7523319D2D1A90B90090997E /* LaunchScreenViewController.swift in Sources */,
				752330772D197AE80090997E /* AppDelegate.swift in Sources */,
				75DCE38C2D1C2A97003A59CD /* SignIn.swift in Sources */,
				752330782D197AE80090997E /* SceneDelegate.swift in Sources */,
				7552C2FF2D1D843800F2DF78 /* ShopsListDataProvider.swift in Sources */,
				752330C62D197B210090997E /* UICollectionView.swift in Sources */,
				752330C72D197B210090997E /* AssetsImage.swift in Sources */,
				752331372D198BA80090997E /* ProfileCoordinator.swift in Sources */,
				75DCE3892D1C28BF003A59CD /* ProfileViewModel.swift in Sources */,
				7552C2FA2D1D838F00F2DF78 /* ShopsListViewController.swift in Sources */,
				752330C82D197B210090997E /* String.swift in Sources */,
				752330C92D197B210090997E /* HTTPRequestMethods.swift in Sources */,
				752330CA2D197B210090997E /* UIView.swift in Sources */,
				752331352D198B9E0090997E /* QRCoordinator.swift in Sources */,
				752330CB2D197B210090997E /* UITableView.swift in Sources */,
				752330CC2D197B210090997E /* Cosmos.swift in Sources */,
				752330CD2D197B210090997E /* UIApplication.swift in Sources */,
				752330CE2D197B210090997E /* Coordinator.swift in Sources */,
				752331942D1A8EDC0090997E /* OnboardingCoordinator.swift in Sources */,
				752330CF2D197B210090997E /* UILabel.swift in Sources */,
				75DCE3992D1C3195003A59CD /* CodeConfirmViewController.swift in Sources */,
				752331992D1A90AD0090997E /* LaunchScreenView.swift in Sources */,
				752331902D1A8D440090997E /* FullOnboardingViewController.swift in Sources */,
				752330D02D197B210090997E /* CustomSpinnerView.swift in Sources */,
				7596B5222D1D6B310070A5BB /* MainDataProvider.swift in Sources */,
				7596B51B2D1D697D0070A5BB /* MainViewModel.swift in Sources */,
				75DCE35F2D1ABB2B003A59CD /* LanguageView.swift in Sources */,
				752330D12D197B210090997E /* UIWindow.swift in Sources */,
				75DCE36C2D1ABBED003A59CD /* Language.swift in Sources */,
				752330D22D197B210090997E /* TextFieldViewController.swift in Sources */,
				752330D32D197B210090997E /* UITextField.swift in Sources */,
				752330D42D197B210090997E /* CustomDecoder.swift in Sources */,
				752330D52D197B210090997E /* URLComponents.swift in Sources */,
				752330D62D197B210090997E /* HighlightButton.swift in Sources */,
				752330D72D197B210090997E /* CustomView.swift in Sources */,
				752330D82D197B210090997E /* GradientView.swift in Sources */,
				752330D92D197B210090997E /* AlertViewTexts.swift in Sources */,
				752330DA2D197B210090997E /* MainConstants.swift in Sources */,
				752330DB2D197B210090997E /* ReusableView.swift in Sources */,
				752330DC2D197B210090997E /* UIViewController.swift in Sources */,
				752330DD2D197B210090997E /* PaddingLabel.swift in Sources */,
				752330DE2D197B210090997E /* Parametrs.swift in Sources */,
				752330DF2D197B210090997E /* UIColor.swift in Sources */,
				752330E02D197B210090997E /* Bundle.swift in Sources */,
				752330E12D197B210090997E /* PushNotification.swift in Sources */,
				75DCE3932D1C3175003A59CD /* CodeConfirmViewModel.swift in Sources */,
				752330E22D197B210090997E /* UINavigationBar.swift in Sources */,
				752330E32D197B210090997E /* UIButton.swift in Sources */,
				752330E42D197B210090997E /* UINavigationController.swift in Sources */,
				752330E52D197B210090997E /* SKStoreReviewController.swift in Sources */,
				752330E62D197B210090997E /* Headers.swift in Sources */,
				752330E72D197B210090997E /* UIBarButtonItem.swift in Sources */,
				7552C2F62D1D837F00F2DF78 /* ShopsListView.swift in Sources */,
				75DCE3862D1C10C6003A59CD /* ProfileViewController.swift in Sources */,
				752330E82D197B210090997E /* NotificationCenter.swift in Sources */,
				75DCE3692D1ABBA3003A59CD /* LanguageCollectionViewCell.swift in Sources */,
				752330E92D197B210090997E /* UIImage.swift in Sources */,
				752330EA2D197B210090997E /* DateFormatter.swift in Sources */,
				752330EB2D197B210090997E /* Bool.swift in Sources */,
				752330EC2D197B210090997E /* AssetsColor.swift in Sources */,
				7552C2FC2D1D83D700F2DF78 /* ShopsListViewModel.swift in Sources */,
				752330ED2D197B210090997E /* Symbols.swift in Sources */,
				75DCE36F2D1ABC1D003A59CD /* LanguageDataProvider.swift in Sources */,
				75DCE3772D1AD6E2003A59CD /* InterestViewController.swift in Sources */,
				752330EE2D197B210090997E /* AlertViewController.swift in Sources */,
				75DCE3822D1C10B9003A59CD /* ProfileView.swift in Sources */,
				752330EF2D197B210090997E /* ResponseErrors.swift in Sources */,
				752330F02D197B210090997E /* MainView.swift in Sources */,
				752330F12D197B210090997E /* EndPoints.swift in Sources */,
				752330F22D197B210090997E /* ViewModelProtocol.swift in Sources */,
				752330F32D197B210090997E /* JSONDownloader.swift in Sources */,
				752330F42D197B210090997E /* LocalizationManager.swift in Sources */,
				75955BCF2D1D6D9600F4DD80 /* CompanyCollectionViewCell.swift in Sources */,
				752331332D198B930090997E /* MainCoordinator.swift in Sources */,
				757F36262D1E746500EFA728 /* ShopDetailViewModel.swift in Sources */,
				757F36282D1E746C00EFA728 /* ShopDetailView.swift in Sources */,
				752330F52D197B210090997E /* AppUtility.swift in Sources */,
				752331922D1A8E800090997E /* CircularProgressBar.swift in Sources */,
				752330F62D197B210090997E /* CustomTextField.swift in Sources */,
				752330F72D197B210090997E /* KAPinField.swift in Sources */,
				752330F82D197B210090997E /* BaseView.swift in Sources */,
				752331312D19834B0090997E /* TabBarController.swift in Sources */,
				752330F92D197B210090997E /* ViewSpecificController.swift in Sources */,
				752330FA2D197B210090997E /* UIShowHideTextField.swift in Sources */,
				752330FB2D197B210090997E /* Array.swift in Sources */,
				752330FC2D197B210090997E /* UserDefaults.swift in Sources */,
				752330FD2D197B210090997E /* MainViewController.swift in Sources */,
				752330FE2D197B210090997E /* CustomCollectionViewCell.swift in Sources */,
				752330FF2D197B210090997E /* Local.swift in Sources */,
				752331002D197B210090997E /* JSONData.swift in Sources */,
				752331012D197B210090997E /* Double.swift in Sources */,
				7596B5202D1D6A180070A5BB /* Company.swift in Sources */,
				757F362C2D1E747900EFA728 /* ShopDetailViewController.swift in Sources */,
				752331022D197B210090997E /* Formatter.swift in Sources */,
				75DCE37A2D1AD6EE003A59CD /* InterestView.swift in Sources */,
				7523318C2D1A8D340090997E /* FullOnboardingView.swift in Sources */,
				75DCE3632D1ABB3E003A59CD /* LanguageViewController.swift in Sources */,
				75DCE3952D1C3186003A59CD /* CodeConfirmView.swift in Sources */,
				752331032D197B210090997E /* UIImageView.swift in Sources */,
			);
			runOnlyForDeploymentPostprocessing = 0;
		};
/* End PBXSourcesBuildPhase section */

/* Begin PBXVariantGroup section */
		752330742D197AE80090997E /* LaunchScreen.storyboard */ = {
			isa = PBXVariantGroup;
			children = (
				752330732D197AE80090997E /* Base */,
				75DCE3562D1A9B34003A59CD /* ru */,
				75DCE3582D1A9B43003A59CD /* uz */,
			);
			name = LaunchScreen.storyboard;
			sourceTree = "<group>";
		};
		75DCE3532D1A9B26003A59CD /* Localizable.strings */ = {
			isa = PBXVariantGroup;
			children = (
				75DCE3542D1A9B26003A59CD /* en */,
				75DCE3572D1A9B34003A59CD /* ru */,
				75DCE3592D1A9B43003A59CD /* uz */,
			);
			name = Localizable.strings;
			sourceTree = "<group>";
		};
/* End PBXVariantGroup section */

/* Begin XCBuildConfiguration section */
		7523306C2D19789D0090997E /* Debug */ = {
			isa = XCBuildConfiguration;
			buildSettings = {
				ASSETCATALOG_COMPILER_APPICON_NAME = AppIcon;
				ASSETCATALOG_COMPILER_GLOBAL_ACCENT_COLOR_NAME = AccentColor;
				CODE_SIGN_STYLE = Automatic;
				CURRENT_PROJECT_VERSION = 1;
				DEVELOPMENT_TEAM = 7HCQ68YM6S;
				GENERATE_INFOPLIST_FILE = YES;
				INFOPLIST_FILE = "qahvazor-client/Info.plist";
				INFOPLIST_KEY_CFBundleDisplayName = Qahvazor;
				INFOPLIST_KEY_UIApplicationSupportsIndirectInputEvents = YES;
				INFOPLIST_KEY_UILaunchStoryboardName = LaunchScreen;
				INFOPLIST_KEY_UISupportedInterfaceOrientations = UIInterfaceOrientationPortrait;
				INFOPLIST_KEY_UISupportedInterfaceOrientations_iPad = "UIInterfaceOrientationLandscapeLeft UIInterfaceOrientationLandscapeRight UIInterfaceOrientationPortrait UIInterfaceOrientationPortraitUpsideDown";
				IPHONEOS_DEPLOYMENT_TARGET = 15.0;
				LD_RUNPATH_SEARCH_PATHS = (
					"$(inherited)",
					"@executable_path/Frameworks",
				);
				MARKETING_VERSION = 1.0;
				PRODUCT_BUNDLE_IDENTIFIER = "alphazet.qahvazor-client";
				PRODUCT_NAME = "$(TARGET_NAME)";
				SWIFT_EMIT_LOC_STRINGS = YES;
				SWIFT_VERSION = 5.0;
				TARGETED_DEVICE_FAMILY = "1,2";
			};
			name = Debug;
		};
		7523306D2D19789D0090997E /* Release */ = {
			isa = XCBuildConfiguration;
			buildSettings = {
				ASSETCATALOG_COMPILER_APPICON_NAME = AppIcon;
				ASSETCATALOG_COMPILER_GLOBAL_ACCENT_COLOR_NAME = AccentColor;
				CODE_SIGN_STYLE = Automatic;
				CURRENT_PROJECT_VERSION = 1;
				DEVELOPMENT_TEAM = 7HCQ68YM6S;
				GENERATE_INFOPLIST_FILE = YES;
				INFOPLIST_FILE = "qahvazor-client/Info.plist";
				INFOPLIST_KEY_CFBundleDisplayName = Qahvazor;
				INFOPLIST_KEY_UIApplicationSupportsIndirectInputEvents = YES;
				INFOPLIST_KEY_UILaunchStoryboardName = LaunchScreen;
				INFOPLIST_KEY_UISupportedInterfaceOrientations = UIInterfaceOrientationPortrait;
				INFOPLIST_KEY_UISupportedInterfaceOrientations_iPad = "UIInterfaceOrientationLandscapeLeft UIInterfaceOrientationLandscapeRight UIInterfaceOrientationPortrait UIInterfaceOrientationPortraitUpsideDown";
				IPHONEOS_DEPLOYMENT_TARGET = 15.0;
				LD_RUNPATH_SEARCH_PATHS = (
					"$(inherited)",
					"@executable_path/Frameworks",
				);
				MARKETING_VERSION = 1.0;
				PRODUCT_BUNDLE_IDENTIFIER = "alphazet.qahvazor-client";
				PRODUCT_NAME = "$(TARGET_NAME)";
				SWIFT_EMIT_LOC_STRINGS = YES;
				SWIFT_VERSION = 5.0;
				TARGETED_DEVICE_FAMILY = "1,2";
			};
			name = Release;
		};
		7523306E2D19789D0090997E /* Debug */ = {
			isa = XCBuildConfiguration;
			buildSettings = {
				ALWAYS_SEARCH_USER_PATHS = NO;
				ASSETCATALOG_COMPILER_GENERATE_SWIFT_ASSET_SYMBOL_EXTENSIONS = YES;
				CLANG_ANALYZER_LOCALIZABILITY_NONLOCALIZED = YES;
				CLANG_ANALYZER_NONNULL = YES;
				CLANG_ANALYZER_NUMBER_OBJECT_CONVERSION = YES_AGGRESSIVE;
				CLANG_CXX_LANGUAGE_STANDARD = "gnu++20";
				CLANG_ENABLE_MODULES = YES;
				CLANG_ENABLE_OBJC_ARC = YES;
				CLANG_ENABLE_OBJC_WEAK = YES;
				CLANG_WARN_BLOCK_CAPTURE_AUTORELEASING = YES;
				CLANG_WARN_BOOL_CONVERSION = YES;
				CLANG_WARN_COMMA = YES;
				CLANG_WARN_CONSTANT_CONVERSION = YES;
				CLANG_WARN_DEPRECATED_OBJC_IMPLEMENTATIONS = YES;
				CLANG_WARN_DIRECT_OBJC_ISA_USAGE = YES_ERROR;
				CLANG_WARN_DOCUMENTATION_COMMENTS = YES;
				CLANG_WARN_EMPTY_BODY = YES;
				CLANG_WARN_ENUM_CONVERSION = YES;
				CLANG_WARN_INFINITE_RECURSION = YES;
				CLANG_WARN_INT_CONVERSION = YES;
				CLANG_WARN_NON_LITERAL_NULL_CONVERSION = YES;
				CLANG_WARN_OBJC_IMPLICIT_RETAIN_SELF = YES;
				CLANG_WARN_OBJC_LITERAL_CONVERSION = YES;
				CLANG_WARN_OBJC_ROOT_CLASS = YES_ERROR;
				CLANG_WARN_QUOTED_INCLUDE_IN_FRAMEWORK_HEADER = YES;
				CLANG_WARN_RANGE_LOOP_ANALYSIS = YES;
				CLANG_WARN_STRICT_PROTOTYPES = YES;
				CLANG_WARN_SUSPICIOUS_MOVE = YES;
				CLANG_WARN_UNGUARDED_AVAILABILITY = YES_AGGRESSIVE;
				CLANG_WARN_UNREACHABLE_CODE = YES;
				CLANG_WARN__DUPLICATE_METHOD_MATCH = YES;
				COPY_PHASE_STRIP = NO;
				DEBUG_INFORMATION_FORMAT = dwarf;
				ENABLE_STRICT_OBJC_MSGSEND = YES;
				ENABLE_TESTABILITY = YES;
				ENABLE_USER_SCRIPT_SANDBOXING = YES;
				GCC_C_LANGUAGE_STANDARD = gnu17;
				GCC_DYNAMIC_NO_PIC = NO;
				GCC_NO_COMMON_BLOCKS = YES;
				GCC_OPTIMIZATION_LEVEL = 0;
				GCC_PREPROCESSOR_DEFINITIONS = (
					"DEBUG=1",
					"$(inherited)",
				);
				GCC_WARN_64_TO_32_BIT_CONVERSION = YES;
				GCC_WARN_ABOUT_RETURN_TYPE = YES_ERROR;
				GCC_WARN_UNDECLARED_SELECTOR = YES;
				GCC_WARN_UNINITIALIZED_AUTOS = YES_AGGRESSIVE;
				GCC_WARN_UNUSED_FUNCTION = YES;
				GCC_WARN_UNUSED_VARIABLE = YES;
				IPHONEOS_DEPLOYMENT_TARGET = 18.1;
				LOCALIZATION_PREFERS_STRING_CATALOGS = YES;
				MTL_ENABLE_DEBUG_INFO = INCLUDE_SOURCE;
				MTL_FAST_MATH = YES;
				ONLY_ACTIVE_ARCH = YES;
				SDKROOT = iphoneos;
				SWIFT_ACTIVE_COMPILATION_CONDITIONS = "DEBUG $(inherited)";
				SWIFT_OPTIMIZATION_LEVEL = "-Onone";
			};
			name = Debug;
		};
		7523306F2D19789D0090997E /* Release */ = {
			isa = XCBuildConfiguration;
			buildSettings = {
				ALWAYS_SEARCH_USER_PATHS = NO;
				ASSETCATALOG_COMPILER_GENERATE_SWIFT_ASSET_SYMBOL_EXTENSIONS = YES;
				CLANG_ANALYZER_LOCALIZABILITY_NONLOCALIZED = YES;
				CLANG_ANALYZER_NONNULL = YES;
				CLANG_ANALYZER_NUMBER_OBJECT_CONVERSION = YES_AGGRESSIVE;
				CLANG_CXX_LANGUAGE_STANDARD = "gnu++20";
				CLANG_ENABLE_MODULES = YES;
				CLANG_ENABLE_OBJC_ARC = YES;
				CLANG_ENABLE_OBJC_WEAK = YES;
				CLANG_WARN_BLOCK_CAPTURE_AUTORELEASING = YES;
				CLANG_WARN_BOOL_CONVERSION = YES;
				CLANG_WARN_COMMA = YES;
				CLANG_WARN_CONSTANT_CONVERSION = YES;
				CLANG_WARN_DEPRECATED_OBJC_IMPLEMENTATIONS = YES;
				CLANG_WARN_DIRECT_OBJC_ISA_USAGE = YES_ERROR;
				CLANG_WARN_DOCUMENTATION_COMMENTS = YES;
				CLANG_WARN_EMPTY_BODY = YES;
				CLANG_WARN_ENUM_CONVERSION = YES;
				CLANG_WARN_INFINITE_RECURSION = YES;
				CLANG_WARN_INT_CONVERSION = YES;
				CLANG_WARN_NON_LITERAL_NULL_CONVERSION = YES;
				CLANG_WARN_OBJC_IMPLICIT_RETAIN_SELF = YES;
				CLANG_WARN_OBJC_LITERAL_CONVERSION = YES;
				CLANG_WARN_OBJC_ROOT_CLASS = YES_ERROR;
				CLANG_WARN_QUOTED_INCLUDE_IN_FRAMEWORK_HEADER = YES;
				CLANG_WARN_RANGE_LOOP_ANALYSIS = YES;
				CLANG_WARN_STRICT_PROTOTYPES = YES;
				CLANG_WARN_SUSPICIOUS_MOVE = YES;
				CLANG_WARN_UNGUARDED_AVAILABILITY = YES_AGGRESSIVE;
				CLANG_WARN_UNREACHABLE_CODE = YES;
				CLANG_WARN__DUPLICATE_METHOD_MATCH = YES;
				COPY_PHASE_STRIP = NO;
				DEBUG_INFORMATION_FORMAT = "dwarf-with-dsym";
				ENABLE_NS_ASSERTIONS = NO;
				ENABLE_STRICT_OBJC_MSGSEND = YES;
				ENABLE_USER_SCRIPT_SANDBOXING = YES;
				GCC_C_LANGUAGE_STANDARD = gnu17;
				GCC_NO_COMMON_BLOCKS = YES;
				GCC_WARN_64_TO_32_BIT_CONVERSION = YES;
				GCC_WARN_ABOUT_RETURN_TYPE = YES_ERROR;
				GCC_WARN_UNDECLARED_SELECTOR = YES;
				GCC_WARN_UNINITIALIZED_AUTOS = YES_AGGRESSIVE;
				GCC_WARN_UNUSED_FUNCTION = YES;
				GCC_WARN_UNUSED_VARIABLE = YES;
				IPHONEOS_DEPLOYMENT_TARGET = 18.1;
				LOCALIZATION_PREFERS_STRING_CATALOGS = YES;
				MTL_ENABLE_DEBUG_INFO = NO;
				MTL_FAST_MATH = YES;
				SDKROOT = iphoneos;
				SWIFT_COMPILATION_MODE = wholemodule;
				VALIDATE_PRODUCT = YES;
			};
			name = Release;
		};
/* End XCBuildConfiguration section */

/* Begin XCConfigurationList section */
		752330532D19789C0090997E /* Build configuration list for PBXProject "qahvazor-client" */ = {
			isa = XCConfigurationList;
			buildConfigurations = (
				7523306E2D19789D0090997E /* Debug */,
				7523306F2D19789D0090997E /* Release */,
			);
			defaultConfigurationIsVisible = 0;
			defaultConfigurationName = Release;
		};
		7523306B2D19789D0090997E /* Build configuration list for PBXNativeTarget "qahvazor-client" */ = {
			isa = XCConfigurationList;
			buildConfigurations = (
				7523306C2D19789D0090997E /* Debug */,
				7523306D2D19789D0090997E /* Release */,
			);
			defaultConfigurationIsVisible = 0;
			defaultConfigurationName = Release;
		};
/* End XCConfigurationList section */

/* Begin XCRemoteSwiftPackageReference section */
		752331422D1991020090997E /* XCRemoteSwiftPackageReference "ColorKit" */ = {
			isa = XCRemoteSwiftPackageReference;
			repositoryURL = "https://github.com/Boris-Em/ColorKit";
			requirement = {
				branch = master;
				kind = branch;
			};
		};
		752331452D1991140090997E /* XCRemoteSwiftPackageReference "DeviceKit" */ = {
			isa = XCRemoteSwiftPackageReference;
			repositoryURL = "https://github.com/devicekit/DeviceKit.git";
			requirement = {
				kind = upToNextMajorVersion;
				minimumVersion = 5.5.0;
			};
		};
		752331482D19912B0090997E /* XCRemoteSwiftPackageReference "GhostTypewriter" */ = {
			isa = XCRemoteSwiftPackageReference;
			repositoryURL = "https://github.com/wibosco/GhostTypewriter";
			requirement = {
				kind = upToNextMajorVersion;
				minimumVersion = 2.1.0;
			};
		};
		7523314B2D1991690090997E /* XCRemoteSwiftPackageReference "Haptica" */ = {
			isa = XCRemoteSwiftPackageReference;
			repositoryURL = "https://github.com/efremidze/Haptica";
			requirement = {
				kind = upToNextMajorVersion;
				minimumVersion = 3.0.3;
			};
		};
		7523314E2D1991810090997E /* XCRemoteSwiftPackageReference "ImageViewer" */ = {
			isa = XCRemoteSwiftPackageReference;
			repositoryURL = "https://github.com/michaelhenry/ImageViewer.swift";
			requirement = {
				kind = upToNextMajorVersion;
				minimumVersion = 3.3.8;
			};
		};
		752331512D19918F0090997E /* XCRemoteSwiftPackageReference "Hero" */ = {
			isa = XCRemoteSwiftPackageReference;
			repositoryURL = "https://github.com/HeroTransitions/Hero.git";
			requirement = {
				kind = upToNextMajorVersion;
				minimumVersion = 1.6.3;
			};
		};
		752331542D1991AB0090997E /* XCRemoteSwiftPackageReference "IQKeyboardManager" */ = {
			isa = XCRemoteSwiftPackageReference;
			repositoryURL = "https://github.com/hackiftekhar/IQKeyboardManager.git";
			requirement = {
				kind = upToNextMajorVersion;
				minimumVersion = 6.0.0;
			};
		};
		752331572D1991BE0090997E /* XCRemoteSwiftPackageReference "lottie-ios" */ = {
			isa = XCRemoteSwiftPackageReference;
			repositoryURL = "https://github.com/airbnb/lottie-ios.git";
			requirement = {
				kind = upToNextMajorVersion;
				minimumVersion = 4.5.0;
			};
		};
		7523315A2D1991EC0090997E /* XCRemoteSwiftPackageReference "SDWebImage" */ = {
			isa = XCRemoteSwiftPackageReference;
			repositoryURL = "https://github.com/SDWebImage/SDWebImage.git";
			requirement = {
				kind = upToNextMajorVersion;
				minimumVersion = 5.0.0;
			};
		};
		7523315F2D1991FE0090997E /* XCRemoteSwiftPackageReference "SkeletonView" */ = {
			isa = XCRemoteSwiftPackageReference;
			repositoryURL = "https://github.com/Juanpe/SkeletonView.git";
			requirement = {
				kind = upToNextMajorVersion;
				minimumVersion = 1.31.0;
			};
		};
		752331742D19935D0090997E /* XCRemoteSwiftPackageReference "SnapKit" */ = {
			isa = XCRemoteSwiftPackageReference;
			repositoryURL = "https://github.com/SnapKit/SnapKit.git";
			requirement = {
				kind = exactVersion;
				version = 5.0.0;
			};
		};
		752331812D1994F40090997E /* XCRemoteSwiftPackageReference "Alamofire" */ = {
			isa = XCRemoteSwiftPackageReference;
			repositoryURL = "https://github.com/Alamofire/Alamofire.git";
			requirement = {
				kind = upToNextMajorVersion;
				minimumVersion = 5.9.1;
			};
		};
		752331842D19950F0090997E /* XCRemoteSwiftPackageReference "SwiftMessages" */ = {
			isa = XCRemoteSwiftPackageReference;
			repositoryURL = "https://github.com/SwiftKickMobile/SwiftMessages";
			requirement = {
				kind = upToNextMajorVersion;
				minimumVersion = 10.0.1;
			};
		};
		75DCE3732D1AD6CB003A59CD /* XCRemoteSwiftPackageReference "Magnetic" */ = {
			isa = XCRemoteSwiftPackageReference;
			repositoryURL = "https://github.com/jakhongir97/Magnetic";
			requirement = {
				branch = master;
				kind = branch;
			};
		};
/* End XCRemoteSwiftPackageReference section */

/* Begin XCSwiftPackageProductDependency section */
		752331432D1991020090997E /* ColorKit */ = {
			isa = XCSwiftPackageProductDependency;
			package = 752331422D1991020090997E /* XCRemoteSwiftPackageReference "ColorKit" */;
			productName = ColorKit;
		};
		752331462D1991140090997E /* DeviceKit */ = {
			isa = XCSwiftPackageProductDependency;
			package = 752331452D1991140090997E /* XCRemoteSwiftPackageReference "DeviceKit" */;
			productName = DeviceKit;
		};
		752331492D19912B0090997E /* GhostTypewriter */ = {
			isa = XCSwiftPackageProductDependency;
			package = 752331482D19912B0090997E /* XCRemoteSwiftPackageReference "GhostTypewriter" */;
			productName = GhostTypewriter;
		};
		7523314C2D1991690090997E /* Haptica */ = {
			isa = XCSwiftPackageProductDependency;
			package = 7523314B2D1991690090997E /* XCRemoteSwiftPackageReference "Haptica" */;
			productName = Haptica;
		};
		7523314F2D1991810090997E /* ImageViewer_swift */ = {
			isa = XCSwiftPackageProductDependency;
			package = 7523314E2D1991810090997E /* XCRemoteSwiftPackageReference "ImageViewer" */;
			productName = ImageViewer_swift;
		};
		752331522D19918F0090997E /* Hero */ = {
			isa = XCSwiftPackageProductDependency;
			package = 752331512D19918F0090997E /* XCRemoteSwiftPackageReference "Hero" */;
			productName = Hero;
		};
		752331552D1991AB0090997E /* IQKeyboardManagerSwift */ = {
			isa = XCSwiftPackageProductDependency;
			package = 752331542D1991AB0090997E /* XCRemoteSwiftPackageReference "IQKeyboardManager" */;
			productName = IQKeyboardManagerSwift;
		};
		752331582D1991BE0090997E /* Lottie */ = {
			isa = XCSwiftPackageProductDependency;
			package = 752331572D1991BE0090997E /* XCRemoteSwiftPackageReference "lottie-ios" */;
			productName = Lottie;
		};
		7523315B2D1991EC0090997E /* SDWebImage */ = {
			isa = XCSwiftPackageProductDependency;
			package = 7523315A2D1991EC0090997E /* XCRemoteSwiftPackageReference "SDWebImage" */;
			productName = SDWebImage;
		};
		7523315D2D1991EC0090997E /* SDWebImageMapKit */ = {
			isa = XCSwiftPackageProductDependency;
			package = 7523315A2D1991EC0090997E /* XCRemoteSwiftPackageReference "SDWebImage" */;
			productName = SDWebImageMapKit;
		};
		752331602D1991FE0090997E /* SkeletonView */ = {
			isa = XCSwiftPackageProductDependency;
			package = 7523315F2D1991FE0090997E /* XCRemoteSwiftPackageReference "SkeletonView" */;
			productName = SkeletonView;
		};
		752331752D19935D0090997E /* SnapKit */ = {
			isa = XCSwiftPackageProductDependency;
			package = 752331742D19935D0090997E /* XCRemoteSwiftPackageReference "SnapKit" */;
			productName = SnapKit;
		};
		752331822D1994F40090997E /* Alamofire */ = {
			isa = XCSwiftPackageProductDependency;
			package = 752331812D1994F40090997E /* XCRemoteSwiftPackageReference "Alamofire" */;
			productName = Alamofire;
		};
		752331852D19950F0090997E /* SwiftMessages */ = {
			isa = XCSwiftPackageProductDependency;
			package = 752331842D19950F0090997E /* XCRemoteSwiftPackageReference "SwiftMessages" */;
			productName = SwiftMessages;
		};
		75DCE3742D1AD6CB003A59CD /* Magnetic */ = {
			isa = XCSwiftPackageProductDependency;
			package = 75DCE3732D1AD6CB003A59CD /* XCRemoteSwiftPackageReference "Magnetic" */;
			productName = Magnetic;
		};
/* End XCSwiftPackageProductDependency section */
	};
	rootObject = 752330502D19789C0090997E /* Project object */;
}
